// !$*UTF8*$!
{
	archiveVersion = 1;
	classes = {
	};
	objectVersion = 46;
	objects = {

/* Begin PBXBuildFile section */
		1FACF87C97D68F953ECE365C /* libPods-BaseProject.a in Frameworks */ = {isa = PBXBuildFile; fileRef = 5EAAD623A23724C816F8DC02 /* libPods-BaseProject.a */; };
		3804CE511BD758F10046C8C8 /* AppDelegate+Category.m in Sources */ = {isa = PBXBuildFile; fileRef = 3804CE4A1BD758F10046C8C8 /* AppDelegate+Category.m */; };
		3804CE521BD758F10046C8C8 /* NSObject+Common.m in Sources */ = {isa = PBXBuildFile; fileRef = 3804CE4C1BD758F10046C8C8 /* NSObject+Common.m */; };
		3804CE531BD758F10046C8C8 /* NSString+PJR.m in Sources */ = {isa = PBXBuildFile; fileRef = 3804CE4E1BD758F10046C8C8 /* NSString+PJR.m */; };
		3804CE541BD758F10046C8C8 /* NSString+QRCode.m in Sources */ = {isa = PBXBuildFile; fileRef = 3804CE501BD758F10046C8C8 /* NSString+QRCode.m */; };
		3879FE811BDFA8E100A99990 /* libsqlite3.0.tbd in Frameworks */ = {isa = PBXBuildFile; fileRef = 3879FE801BDFA8E100A99990 /* libsqlite3.0.tbd */; };
		3885C8981BE8E88D009441EA /* iCarousel.m in Sources */ = {isa = PBXBuildFile; fileRef = 3885C8971BE8E88D009441EA /* iCarousel.m */; };
		3885C89D1BE8E8E8009441EA /* libMobClickLibrary.a in Frameworks */ = {isa = PBXBuildFile; fileRef = 3885C89A1BE8E8E8009441EA /* libMobClickLibrary.a */; };
		3885C8D31BE8E8FB009441EA /* UMSocialLocalizable.strings in Resources */ = {isa = PBXBuildFile; fileRef = 3885C8A01BE8E8FB009441EA /* UMSocialLocalizable.strings */; };
		3885C8D41BE8E8FB009441EA /* libUMSocial_Sdk_4.2.5.a in Frameworks */ = {isa = PBXBuildFile; fileRef = 3885C8AE1BE8E8FB009441EA /* libUMSocial_Sdk_4.2.5.a */; };
		3885C8D51BE8E8FB009441EA /* UMSCommentDetailController.xib in Resources */ = {isa = PBXBuildFile; fileRef = 3885C8B01BE8E8FB009441EA /* UMSCommentDetailController.xib */; };
		3885C8D61BE8E8FB009441EA /* UMSCommentInputController.xib in Resources */ = {isa = PBXBuildFile; fileRef = 3885C8B11BE8E8FB009441EA /* UMSCommentInputController.xib */; };
		3885C8D71BE8E8FB009441EA /* UMSCommentInputControlleriPad.xib in Resources */ = {isa = PBXBuildFile; fileRef = 3885C8B21BE8E8FB009441EA /* UMSCommentInputControlleriPad.xib */; };
		3885C8D81BE8E8FB009441EA /* UMShareEditViewController.xib in Resources */ = {isa = PBXBuildFile; fileRef = 3885C8B31BE8E8FB009441EA /* UMShareEditViewController.xib */; };
		3885C8D91BE8E8FB009441EA /* UMShareEditViewControlleriPad.xib in Resources */ = {isa = PBXBuildFile; fileRef = 3885C8B41BE8E8FB009441EA /* UMShareEditViewControlleriPad.xib */; };
		3885C8DA1BE8E8FB009441EA /* UMSLoginViewController.xib in Resources */ = {isa = PBXBuildFile; fileRef = 3885C8B51BE8E8FB009441EA /* UMSLoginViewController.xib */; };
		3885C8DB1BE8E8FB009441EA /* UMSnsAccountViewController.xib in Resources */ = {isa = PBXBuildFile; fileRef = 3885C8B61BE8E8FB009441EA /* UMSnsAccountViewController.xib */; };
		3885C8DC1BE8E8FB009441EA /* UMSShareListController.xib in Resources */ = {isa = PBXBuildFile; fileRef = 3885C8B71BE8E8FB009441EA /* UMSShareListController.xib */; };
		3885C8DD1BE8E8FB009441EA /* UMSocialSDKResourcesNew.bundle in Resources */ = {isa = PBXBuildFile; fileRef = 3885C8B81BE8E8FB009441EA /* UMSocialSDKResourcesNew.bundle */; };
		3885C8DE1BE8E8FB009441EA /* libSocialQQ.a in Frameworks */ = {isa = PBXBuildFile; fileRef = 3885C8BC1BE8E8FB009441EA /* libSocialQQ.a */; };
		3885C8DF1BE8E8FB009441EA /* TencentOpenAPI.framework in Frameworks */ = {isa = PBXBuildFile; fileRef = 3885C8BD1BE8E8FB009441EA /* TencentOpenAPI.framework */; };
		3885C8E01BE8E8FB009441EA /* TencentOpenApi_IOS_Bundle.bundle in Resources */ = {isa = PBXBuildFile; fileRef = 3885C8BE1BE8E8FB009441EA /* TencentOpenApi_IOS_Bundle.bundle */; };
		3885C8E11BE8E8FB009441EA /* libSocialWechat.a in Frameworks */ = {isa = PBXBuildFile; fileRef = 3885C8C11BE8E8FB009441EA /* libSocialWechat.a */; };
		3885C8E21BE8E8FB009441EA /* libWeChatSDK.a in Frameworks */ = {isa = PBXBuildFile; fileRef = 3885C8C21BE8E8FB009441EA /* libWeChatSDK.a */; };
		3885C8E31BE8E8FB009441EA /* iOS-social-analytics-releasenote.html in Resources */ = {isa = PBXBuildFile; fileRef = 3885C8C71BE8E8FB009441EA /* iOS-social-analytics-releasenote.html */; };
		3885C8E41BE8E8FB009441EA /* iOS-social-releasenote.html in Resources */ = {isa = PBXBuildFile; fileRef = 3885C8C81BE8E8FB009441EA /* iOS-social-releasenote.html */; };
		3885C8E51BE8E8FB009441EA /* ios-social-sdk-comment-detail.html in Resources */ = {isa = PBXBuildFile; fileRef = 3885C8C91BE8E8FB009441EA /* ios-social-sdk-comment-detail.html */; };
		3885C8E61BE8E8FB009441EA /* ios-social-sdk-comment-quick.html in Resources */ = {isa = PBXBuildFile; fileRef = 3885C8CA1BE8E8FB009441EA /* ios-social-sdk-comment-quick.html */; };
		3885C8E71BE8E8FB009441EA /* ios-social-sdk-like.html in Resources */ = {isa = PBXBuildFile; fileRef = 3885C8CB1BE8E8FB009441EA /* ios-social-sdk-like.html */; };
		3885C8E81BE8E8FB009441EA /* ios-social-sdk-login-detail.html in Resources */ = {isa = PBXBuildFile; fileRef = 3885C8CC1BE8E8FB009441EA /* ios-social-sdk-login-detail.html */; };
		3885C8E91BE8E8FB009441EA /* ios-social-sdk-login-quick.html in Resources */ = {isa = PBXBuildFile; fileRef = 3885C8CD1BE8E8FB009441EA /* ios-social-sdk-login-quick.html */; };
		3885C8EA1BE8E8FB009441EA /* ios-social-sdk-shake.html in Resources */ = {isa = PBXBuildFile; fileRef = 3885C8CE1BE8E8FB009441EA /* ios-social-sdk-shake.html */; };
		3885C8EB1BE8E8FB009441EA /* ios-social-sdk-share-detail.html in Resources */ = {isa = PBXBuildFile; fileRef = 3885C8CF1BE8E8FB009441EA /* ios-social-sdk-share-detail.html */; };
		3885C8EC1BE8E8FB009441EA /* ios-social-sdk-share-quick.html in Resources */ = {isa = PBXBuildFile; fileRef = 3885C8D01BE8E8FB009441EA /* ios-social-sdk-share-quick.html */; };
		3885C8ED1BE8E8FB009441EA /* ios-social-sdk-socialbar.html in Resources */ = {isa = PBXBuildFile; fileRef = 3885C8D11BE8E8FB009441EA /* ios-social-sdk-socialbar.html */; };
		3885C8EE1BE8E8FB009441EA /* markdown.css in Resources */ = {isa = PBXBuildFile; fileRef = 3885C8D21BE8E8FB009441EA /* markdown.css */; };
		3885C8F71BE8E96A009441EA /* .gitignore in Resources */ = {isa = PBXBuildFile; fileRef = 3885C8F01BE8E96A009441EA /* .gitignore */; };
		3885C8F81BE8E96A009441EA /* LICENSE in Resources */ = {isa = PBXBuildFile; fileRef = 3885C8F11BE8E96A009441EA /* LICENSE */; };
		3885C8F91BE8E96A009441EA /* PSCollectionView.m in Sources */ = {isa = PBXBuildFile; fileRef = 3885C8F31BE8E96A009441EA /* PSCollectionView.m */; };
		3885C8FA1BE8E96A009441EA /* PSCollectionViewCell.m in Sources */ = {isa = PBXBuildFile; fileRef = 3885C8F51BE8E96A009441EA /* PSCollectionViewCell.m */; };
		3885C8FB1BE8E96A009441EA /* README.md in Sources */ = {isa = PBXBuildFile; fileRef = 3885C8F61BE8E96A009441EA /* README.md */; };
		3885C8FD1BE8EA26009441EA /* SystemConfiguration.framework in Frameworks */ = {isa = PBXBuildFile; fileRef = 3885C8FC1BE8EA26009441EA /* SystemConfiguration.framework */; };
		3885C8FF1BE8EA46009441EA /* Security.framework in Frameworks */ = {isa = PBXBuildFile; fileRef = 3885C8FE1BE8EA46009441EA /* Security.framework */; };
		3885C9011BE8EA4E009441EA /* libiconv.tbd in Frameworks */ = {isa = PBXBuildFile; fileRef = 3885C9001BE8EA4E009441EA /* libiconv.tbd */; };
		3885C9031BE8EA54009441EA /* CoreGraphics.framework in Frameworks */ = {isa = PBXBuildFile; fileRef = 3885C9021BE8EA54009441EA /* CoreGraphics.framework */; };
		3885C9051BE8EA5C009441EA /* libsqlite3.tbd in Frameworks */ = {isa = PBXBuildFile; fileRef = 3885C9041BE8EA5C009441EA /* libsqlite3.tbd */; };
		3885C9071BE8EA62009441EA /* CoreTelephony.framework in Frameworks */ = {isa = PBXBuildFile; fileRef = 3885C9061BE8EA62009441EA /* CoreTelephony.framework */; };
		3885C9091BE8EA6A009441EA /* libstdc++.tbd in Frameworks */ = {isa = PBXBuildFile; fileRef = 3885C9081BE8EA6A009441EA /* libstdc++.tbd */; };
		3885C90B1BE8EA70009441EA /* libz.tbd in Frameworks */ = {isa = PBXBuildFile; fileRef = 3885C90A1BE8EA70009441EA /* libz.tbd */; };
		3886C0981BD748830014E661 /* main.m in Sources */ = {isa = PBXBuildFile; fileRef = 3886C0971BD748830014E661 /* main.m */; };
		3886C09B1BD748830014E661 /* AppDelegate.m in Sources */ = {isa = PBXBuildFile; fileRef = 3886C09A1BD748830014E661 /* AppDelegate.m */; };
		3886C0A11BD748830014E661 /* Main.storyboard in Resources */ = {isa = PBXBuildFile; fileRef = 3886C09F1BD748830014E661 /* Main.storyboard */; };
		3886C0A31BD748830014E661 /* Assets.xcassets in Resources */ = {isa = PBXBuildFile; fileRef = 3886C0A21BD748830014E661 /* Assets.xcassets */; };
		3886C0AE1BD749A00014E661 /* LaunchScreen.xib in Resources */ = {isa = PBXBuildFile; fileRef = 3886C0AD1BD749A00014E661 /* LaunchScreen.xib */; };
		3886C0BB1BD74AE90014E661 /* BaseViewModel.m in Sources */ = {isa = PBXBuildFile; fileRef = 3886C0BA1BD74AE90014E661 /* BaseViewModel.m */; };
		3886C0BE1BD74AFE0014E661 /* BaseNetManager.m in Sources */ = {isa = PBXBuildFile; fileRef = 3886C0BD1BD74AFE0014E661 /* BaseNetManager.m */; };
		3886C0C11BD74B090014E661 /* BaseModel.m in Sources */ = {isa = PBXBuildFile; fileRef = 3886C0C01BD74B090014E661 /* BaseModel.m */; };
		A05410F41BEC365D00F62931 /* TuWanListViewController.m in Sources */ = {isa = PBXBuildFile; fileRef = A05410F31BEC365D00F62931 /* TuWanListViewController.m */; };
		A05410FB1BEC371300F62931 /* TuWanListCell.m in Sources */ = {isa = PBXBuildFile; fileRef = A05410FA1BEC371300F62931 /* TuWanListCell.m */; };
		A05410FE1BEC416B00F62931 /* TuWanImageCell.m in Sources */ = {isa = PBXBuildFile; fileRef = A05410FD1BEC416B00F62931 /* TuWanImageCell.m */; };
		A05411011BEC7CE400F62931 /* TuWanImageView.m in Sources */ = {isa = PBXBuildFile; fileRef = A05411001BEC7CE400F62931 /* TuWanImageView.m */; };
		A05411041BEC95E900F62931 /* TuWanHtml5ViewController.m in Sources */ = {isa = PBXBuildFile; fileRef = A05411031BEC95E900F62931 /* TuWanHtml5ViewController.m */; };
		A0686EF71BF029CD00E810B6 /* TuWanPicViewModel.m in Sources */ = {isa = PBXBuildFile; fileRef = A0686EF61BF029CD00E810B6 /* TuWanPicViewModel.m */; };
		A0686EFC1BF02A9400E810B6 /* TuWanPicModel.m in Sources */ = {isa = PBXBuildFile; fileRef = A0686EF91BF02A9400E810B6 /* TuWanPicModel.m */; };
		A0686EFD1BF02A9400E810B6 /* TuWanVideoModel.m in Sources */ = {isa = PBXBuildFile; fileRef = A0686EFB1BF02A9400E810B6 /* TuWanVideoModel.m */; };
		A0686F001BF02EA100E810B6 /* TuWanPicViewController.m in Sources */ = {isa = PBXBuildFile; fileRef = A0686EFF1BF02EA100E810B6 /* TuWanPicViewController.m */; };
		A0686F031BF0496200E810B6 /* XiMaLaYaCategoryCell.m in Sources */ = {isa = PBXBuildFile; fileRef = A0686F021BF0496200E810B6 /* XiMaLaYaCategoryCell.m */; };
		A0769A141BF1DF1300C0CFAE /* AVFoundation.framework in Frameworks */ = {isa = PBXBuildFile; fileRef = A0769A131BF1DF1300C0CFAE /* AVFoundation.framework */; };
		A0769A171BF1DF5B00C0CFAE /* PlayView.m in Sources */ = {isa = PBXBuildFile; fileRef = A0769A161BF1DF5B00C0CFAE /* PlayView.m */; };
		A08058691BF072960013862F /* XiMaLaYaCategoryViewModel.m in Sources */ = {isa = PBXBuildFile; fileRef = A08058681BF072960013862F /* XiMaLaYaCategoryViewModel.m */; };
		A0BF909E1BF19484006883BC /* MusicDetailCell.m in Sources */ = {isa = PBXBuildFile; fileRef = A0BF909D1BF19484006883BC /* MusicDetailCell.m */; };
		A0BF90A11BF1C081006883BC /* XiMaLaYaAlbumViewModel.m in Sources */ = {isa = PBXBuildFile; fileRef = A0BF90A01BF1C081006883BC /* XiMaLaYaAlbumViewModel.m */; };
		A0BF90A41BF1CB86006883BC /* MusicListViewController.m in Sources */ = {isa = PBXBuildFile; fileRef = A0BF90A31BF1CB86006883BC /* MusicListViewController.m */; };
		A0CEE78E1BEB047A002F5DDC /* DuoWanAllHeroesModel.m in Sources */ = {isa = PBXBuildFile; fileRef = A0CEE7621BEB047A002F5DDC /* DuoWanAllHeroesModel.m */; };
		A0CEE78F1BEB047A002F5DDC /* DuoWanFreeHeroesModel.m in Sources */ = {isa = PBXBuildFile; fileRef = A0CEE7641BEB047A002F5DDC /* DuoWanFreeHeroesModel.m */; };
		A0CEE7901BEB047A002F5DDC /* DuoWanGiftModel.m in Sources */ = {isa = PBXBuildFile; fileRef = A0CEE7661BEB047A002F5DDC /* DuoWanGiftModel.m */; };
		A0CEE7911BEB047A002F5DDC /* DuoWanHeroBestGroupModel.m in Sources */ = {isa = PBXBuildFile; fileRef = A0CEE7681BEB047A002F5DDC /* DuoWanHeroBestGroupModel.m */; };
		A0CEE7921BEB047A002F5DDC /* DuoWanHeroChangeModel.m in Sources */ = {isa = PBXBuildFile; fileRef = A0CEE76A1BEB047A002F5DDC /* DuoWanHeroChangeModel.m */; };
		A0CEE7931BEB047A002F5DDC /* DuoWanHeroDetailModel.m in Sources */ = {isa = PBXBuildFile; fileRef = A0CEE76C1BEB047A002F5DDC /* DuoWanHeroDetailModel.m */; };
		A0CEE7941BEB047A002F5DDC /* DuoWanHeroSkinModel.m in Sources */ = {isa = PBXBuildFile; fileRef = A0CEE76E1BEB047A002F5DDC /* DuoWanHeroSkinModel.m */; };
		A0CEE7951BEB047A002F5DDC /* DuoWanHeroSoundModel.m in Sources */ = {isa = PBXBuildFile; fileRef = A0CEE7701BEB047A002F5DDC /* DuoWanHeroSoundModel.m */; };
		A0CEE7961BEB047A002F5DDC /* DuoWanHeroSuggestedGiftAndRunModel.m in Sources */ = {isa = PBXBuildFile; fileRef = A0CEE7721BEB047A002F5DDC /* DuoWanHeroSuggestedGiftAndRunModel.m */; };
		A0CEE7971BEB047A002F5DDC /* DuoWanHeroWeekModel.m in Sources */ = {isa = PBXBuildFile; fileRef = A0CEE7741BEB047A002F5DDC /* DuoWanHeroWeekModel.m */; };
		A0CEE7981BEB047A002F5DDC /* DuoWanItemDetailModel.m in Sources */ = {isa = PBXBuildFile; fileRef = A0CEE7761BEB047A002F5DDC /* DuoWanItemDetailModel.m */; };
		A0CEE7991BEB047A002F5DDC /* DuoWanLolczModel.m in Sources */ = {isa = PBXBuildFile; fileRef = A0CEE7781BEB047A002F5DDC /* DuoWanLolczModel.m */; };
		A0CEE79A1BEB047A002F5DDC /* DuoWanRunesModel.m in Sources */ = {isa = PBXBuildFile; fileRef = A0CEE77B1BEB047A002F5DDC /* DuoWanRunesModel.m */; };
		A0CEE79B1BEB047A002F5DDC /* DuoWanSumAbilityModel.m in Sources */ = {isa = PBXBuildFile; fileRef = A0CEE77D1BEB047A002F5DDC /* DuoWanSumAbilityModel.m */; };
		A0CEE79C1BEB047A002F5DDC /* DuoWanToolMenuModel.m in Sources */ = {isa = PBXBuildFile; fileRef = A0CEE77F1BEB047A002F5DDC /* DuoWanToolMenuModel.m */; };
		A0CEE79D1BEB047A002F5DDC /* DuoWanVideoesNormalModel.m in Sources */ = {isa = PBXBuildFile; fileRef = A0CEE7811BEB047A002F5DDC /* DuoWanVideoesNormalModel.m */; };
		A0CEE79E1BEB047A002F5DDC /* DuoWanZBCategoryModel.m in Sources */ = {isa = PBXBuildFile; fileRef = A0CEE7831BEB047A002F5DDC /* DuoWanZBCategoryModel.m */; };
		A0CEE79F1BEB047A002F5DDC /* DuoWanZBItemListModel.m in Sources */ = {isa = PBXBuildFile; fileRef = A0CEE7851BEB047A002F5DDC /* DuoWanZBItemListModel.m */; };
		A0CEE7A01BEB047A002F5DDC /* TuWanModel.m in Sources */ = {isa = PBXBuildFile; fileRef = A0CEE7881BEB047A002F5DDC /* TuWanModel.m */; };
		A0CEE7A11BEB047A002F5DDC /* XiMaLaYaAlbumModel.m in Sources */ = {isa = PBXBuildFile; fileRef = A0CEE78B1BEB047A002F5DDC /* XiMaLaYaAlbumModel.m */; };
		A0CEE7A21BEB047A002F5DDC /* XiMaLaYaRankingListModel.m in Sources */ = {isa = PBXBuildFile; fileRef = A0CEE78D1BEB047A002F5DDC /* XiMaLaYaRankingListModel.m */; };
		A0CEE7A91BEB04AB002F5DDC /* DuoWanNetManager.m in Sources */ = {isa = PBXBuildFile; fileRef = A0CEE7A41BEB04AB002F5DDC /* DuoWanNetManager.m */; };
		A0CEE7AA1BEB04AB002F5DDC /* TuWanNetManager.m in Sources */ = {isa = PBXBuildFile; fileRef = A0CEE7A61BEB04AB002F5DDC /* TuWanNetManager.m */; };
		A0CEE7AB1BEB04AB002F5DDC /* XiMaLaYaNetManager.m in Sources */ = {isa = PBXBuildFile; fileRef = A0CEE7A81BEB04AB002F5DDC /* XiMaLaYaNetManager.m */; };
		A0CEE7B61BEB0667002F5DDC /* DuoWanTabBarController.m in Sources */ = {isa = PBXBuildFile; fileRef = A0CEE7B51BEB0667002F5DDC /* DuoWanTabBarController.m */; };
		A0CEE7B91BEB06CD002F5DDC /* TuWanViewController.m in Sources */ = {isa = PBXBuildFile; fileRef = A0CEE7B81BEB06CD002F5DDC /* TuWanViewController.m */; };
		A0CEE7BC1BEB06F3002F5DDC /* MyInfoViewController.m in Sources */ = {isa = PBXBuildFile; fileRef = A0CEE7BB1BEB06F3002F5DDC /* MyInfoViewController.m */; };
		A0CEE7BF1BEB0722002F5DDC /* RankListViewController.m in Sources */ = {isa = PBXBuildFile; fileRef = A0CEE7BE1BEB0722002F5DDC /* RankListViewController.m */; };
		A0CEE7C21BEB0763002F5DDC /* LeftViewController.m in Sources */ = {isa = PBXBuildFile; fileRef = A0CEE7C11BEB0763002F5DDC /* LeftViewController.m */; };
		A0CEE7C51BEB442D002F5DDC /* Factory.m in Sources */ = {isa = PBXBuildFile; fileRef = A0CEE7C41BEB442D002F5DDC /* Factory.m */; };
		A0CEE7C81BEB4726002F5DDC /* TuWanViewModel.m in Sources */ = {isa = PBXBuildFile; fileRef = A0CEE7C71BEB4726002F5DDC /* TuWanViewModel.m */; };
		A0E2D5EB1BF2CDEE0023577F /* DuoWanHeroViewController.m in Sources */ = {isa = PBXBuildFile; fileRef = A0E2D5EA1BF2CDEE0023577F /* DuoWanHeroViewController.m */; };
		A0E2D5EE1BF2CE1F0023577F /* DuoWanBaiKeViewController.m in Sources */ = {isa = PBXBuildFile; fileRef = A0E2D5ED1BF2CE1F0023577F /* DuoWanBaiKeViewController.m */; };
		A0E2D5F11BF2CE4C0023577F /* DuoWanSearchViewController.m in Sources */ = {isa = PBXBuildFile; fileRef = A0E2D5F01BF2CE4C0023577F /* DuoWanSearchViewController.m */; };
		A0E2D5F41BF2D8D60023577F /* DuoWanSearchDetailViewController.m in Sources */ = {isa = PBXBuildFile; fileRef = A0E2D5F31BF2D8D60023577F /* DuoWanSearchDetailViewController.m */; };
		A0E2D5F71BF2E6B20023577F /* DuoWanToolMenuViewModel.m in Sources */ = {isa = PBXBuildFile; fileRef = A0E2D5F61BF2E6B20023577F /* DuoWanToolMenuViewModel.m */; };
/* End PBXBuildFile section */

/* Begin PBXFileReference section */
		3804CE491BD758F10046C8C8 /* AppDelegate+Category.h */ = {isa = PBXFileReference; fileEncoding = 4; lastKnownFileType = sourcecode.c.h; path = "AppDelegate+Category.h"; sourceTree = "<group>"; };
		3804CE4A1BD758F10046C8C8 /* AppDelegate+Category.m */ = {isa = PBXFileReference; fileEncoding = 4; lastKnownFileType = sourcecode.c.objc; path = "AppDelegate+Category.m"; sourceTree = "<group>"; };
		3804CE4B1BD758F10046C8C8 /* NSObject+Common.h */ = {isa = PBXFileReference; fileEncoding = 4; lastKnownFileType = sourcecode.c.h; path = "NSObject+Common.h"; sourceTree = "<group>"; };
		3804CE4C1BD758F10046C8C8 /* NSObject+Common.m */ = {isa = PBXFileReference; fileEncoding = 4; lastKnownFileType = sourcecode.c.objc; path = "NSObject+Common.m"; sourceTree = "<group>"; };
		3804CE4D1BD758F10046C8C8 /* NSString+PJR.h */ = {isa = PBXFileReference; fileEncoding = 4; lastKnownFileType = sourcecode.c.h; path = "NSString+PJR.h"; sourceTree = "<group>"; };
		3804CE4E1BD758F10046C8C8 /* NSString+PJR.m */ = {isa = PBXFileReference; fileEncoding = 4; lastKnownFileType = sourcecode.c.objc; path = "NSString+PJR.m"; sourceTree = "<group>"; };
		3804CE4F1BD758F10046C8C8 /* NSString+QRCode.h */ = {isa = PBXFileReference; fileEncoding = 4; lastKnownFileType = sourcecode.c.h; path = "NSString+QRCode.h"; sourceTree = "<group>"; };
		3804CE501BD758F10046C8C8 /* NSString+QRCode.m */ = {isa = PBXFileReference; fileEncoding = 4; lastKnownFileType = sourcecode.c.objc; path = "NSString+QRCode.m"; sourceTree = "<group>"; };
		3879FE801BDFA8E100A99990 /* libsqlite3.0.tbd */ = {isa = PBXFileReference; lastKnownFileType = "sourcecode.text-based-dylib-definition"; name = libsqlite3.0.tbd; path = usr/lib/libsqlite3.0.tbd; sourceTree = SDKROOT; };
		3879FE9D1BDFDD2400A99990 /* zh-Hans */ = {isa = PBXFileReference; lastKnownFileType = text.plist.strings; name = "zh-Hans"; path = "zh-Hans.lproj/Main.strings"; sourceTree = "<group>"; };
		3885C8961BE8E88D009441EA /* iCarousel.h */ = {isa = PBXFileReference; fileEncoding = 4; lastKnownFileType = sourcecode.c.h; path = iCarousel.h; sourceTree = "<group>"; };
		3885C8971BE8E88D009441EA /* iCarousel.m */ = {isa = PBXFileReference; fileEncoding = 4; lastKnownFileType = sourcecode.c.objc; path = iCarousel.m; sourceTree = "<group>"; };
		3885C89A1BE8E8E8009441EA /* libMobClickLibrary.a */ = {isa = PBXFileReference; lastKnownFileType = archive.ar; path = libMobClickLibrary.a; sourceTree = "<group>"; };
		3885C89B1BE8E8E8009441EA /* MobClick.h */ = {isa = PBXFileReference; fileEncoding = 4; lastKnownFileType = sourcecode.c.h; path = MobClick.h; sourceTree = "<group>"; };
		3885C89C1BE8E8E8009441EA /* MobClickSocialAnalytics.h */ = {isa = PBXFileReference; fileEncoding = 4; lastKnownFileType = sourcecode.c.h; path = MobClickSocialAnalytics.h; sourceTree = "<group>"; };
		3885C8A11BE8E8FB009441EA /* en */ = {isa = PBXFileReference; lastKnownFileType = text.plist.strings; name = en; path = en.lproj/UMSocialLocalizable.strings; sourceTree = "<group>"; };
		3885C8A31BE8E8FB009441EA /* UMSocial.h */ = {isa = PBXFileReference; fileEncoding = 4; lastKnownFileType = sourcecode.c.h; path = UMSocial.h; sourceTree = "<group>"; };
		3885C8A41BE8E8FB009441EA /* UMSocialAccountManager.h */ = {isa = PBXFileReference; fileEncoding = 4; lastKnownFileType = sourcecode.c.h; path = UMSocialAccountManager.h; sourceTree = "<group>"; };
		3885C8A51BE8E8FB009441EA /* UMSocialBar.h */ = {isa = PBXFileReference; fileEncoding = 4; lastKnownFileType = sourcecode.c.h; path = UMSocialBar.h; sourceTree = "<group>"; };
		3885C8A61BE8E8FB009441EA /* UMSocialConfig.h */ = {isa = PBXFileReference; fileEncoding = 4; lastKnownFileType = sourcecode.c.h; path = UMSocialConfig.h; sourceTree = "<group>"; };
		3885C8A71BE8E8FB009441EA /* UMSocialControllerService.h */ = {isa = PBXFileReference; fileEncoding = 4; lastKnownFileType = sourcecode.c.h; path = UMSocialControllerService.h; sourceTree = "<group>"; };
		3885C8A81BE8E8FB009441EA /* UMSocialControllerServiceComment.h */ = {isa = PBXFileReference; fileEncoding = 4; lastKnownFileType = sourcecode.c.h; path = UMSocialControllerServiceComment.h; sourceTree = "<group>"; };
		3885C8A91BE8E8FB009441EA /* UMSocialData.h */ = {isa = PBXFileReference; fileEncoding = 4; lastKnownFileType = sourcecode.c.h; path = UMSocialData.h; sourceTree = "<group>"; };
		3885C8AA1BE8E8FB009441EA /* UMSocialDataService.h */ = {isa = PBXFileReference; fileEncoding = 4; lastKnownFileType = sourcecode.c.h; path = UMSocialDataService.h; sourceTree = "<group>"; };
		3885C8AB1BE8E8FB009441EA /* UMSocialSnsData.h */ = {isa = PBXFileReference; fileEncoding = 4; lastKnownFileType = sourcecode.c.h; path = UMSocialSnsData.h; sourceTree = "<group>"; };
		3885C8AC1BE8E8FB009441EA /* UMSocialSnsPlatformManager.h */ = {isa = PBXFileReference; fileEncoding = 4; lastKnownFileType = sourcecode.c.h; path = UMSocialSnsPlatformManager.h; sourceTree = "<group>"; };
		3885C8AD1BE8E8FB009441EA /* UMSocialSnsService.h */ = {isa = PBXFileReference; fileEncoding = 4; lastKnownFileType = sourcecode.c.h; path = UMSocialSnsService.h; sourceTree = "<group>"; };
		3885C8AE1BE8E8FB009441EA /* libUMSocial_Sdk_4.2.5.a */ = {isa = PBXFileReference; lastKnownFileType = archive.ar; path = libUMSocial_Sdk_4.2.5.a; sourceTree = "<group>"; };
		3885C8B01BE8E8FB009441EA /* UMSCommentDetailController.xib */ = {isa = PBXFileReference; fileEncoding = 4; lastKnownFileType = file.xib; path = UMSCommentDetailController.xib; sourceTree = "<group>"; };
		3885C8B11BE8E8FB009441EA /* UMSCommentInputController.xib */ = {isa = PBXFileReference; fileEncoding = 4; lastKnownFileType = file.xib; path = UMSCommentInputController.xib; sourceTree = "<group>"; };
		3885C8B21BE8E8FB009441EA /* UMSCommentInputControlleriPad.xib */ = {isa = PBXFileReference; fileEncoding = 4; lastKnownFileType = file.xib; path = UMSCommentInputControlleriPad.xib; sourceTree = "<group>"; };
		3885C8B31BE8E8FB009441EA /* UMShareEditViewController.xib */ = {isa = PBXFileReference; fileEncoding = 4; lastKnownFileType = file.xib; path = UMShareEditViewController.xib; sourceTree = "<group>"; };
		3885C8B41BE8E8FB009441EA /* UMShareEditViewControlleriPad.xib */ = {isa = PBXFileReference; fileEncoding = 4; lastKnownFileType = file.xib; path = UMShareEditViewControlleriPad.xib; sourceTree = "<group>"; };
		3885C8B51BE8E8FB009441EA /* UMSLoginViewController.xib */ = {isa = PBXFileReference; fileEncoding = 4; lastKnownFileType = file.xib; path = UMSLoginViewController.xib; sourceTree = "<group>"; };
		3885C8B61BE8E8FB009441EA /* UMSnsAccountViewController.xib */ = {isa = PBXFileReference; fileEncoding = 4; lastKnownFileType = file.xib; path = UMSnsAccountViewController.xib; sourceTree = "<group>"; };
		3885C8B71BE8E8FB009441EA /* UMSShareListController.xib */ = {isa = PBXFileReference; fileEncoding = 4; lastKnownFileType = file.xib; path = UMSShareListController.xib; sourceTree = "<group>"; };
		3885C8B81BE8E8FB009441EA /* UMSocialSDKResourcesNew.bundle */ = {isa = PBXFileReference; lastKnownFileType = "wrapper.plug-in"; path = UMSocialSDKResourcesNew.bundle; sourceTree = "<group>"; };
		3885C8B91BE8E8FB009441EA /* zh-Hans */ = {isa = PBXFileReference; lastKnownFileType = text.plist.strings; name = "zh-Hans"; path = "zh-Hans.lproj/UMSocialLocalizable.strings"; sourceTree = "<group>"; };
		3885C8BC1BE8E8FB009441EA /* libSocialQQ.a */ = {isa = PBXFileReference; lastKnownFileType = archive.ar; path = libSocialQQ.a; sourceTree = "<group>"; };
		3885C8BD1BE8E8FB009441EA /* TencentOpenAPI.framework */ = {isa = PBXFileReference; lastKnownFileType = wrapper.framework; path = TencentOpenAPI.framework; sourceTree = "<group>"; };
		3885C8BE1BE8E8FB009441EA /* TencentOpenApi_IOS_Bundle.bundle */ = {isa = PBXFileReference; lastKnownFileType = "wrapper.plug-in"; path = TencentOpenApi_IOS_Bundle.bundle; sourceTree = "<group>"; };
		3885C8BF1BE8E8FB009441EA /* UMSocialQQHandler.h */ = {isa = PBXFileReference; fileEncoding = 4; lastKnownFileType = sourcecode.c.h; path = UMSocialQQHandler.h; sourceTree = "<group>"; };
		3885C8C11BE8E8FB009441EA /* libSocialWechat.a */ = {isa = PBXFileReference; lastKnownFileType = archive.ar; path = libSocialWechat.a; sourceTree = "<group>"; };
		3885C8C21BE8E8FB009441EA /* libWeChatSDK.a */ = {isa = PBXFileReference; lastKnownFileType = archive.ar; path = libWeChatSDK.a; sourceTree = "<group>"; };
		3885C8C31BE8E8FB009441EA /* UMSocialWechatHandler.h */ = {isa = PBXFileReference; fileEncoding = 4; lastKnownFileType = sourcecode.c.h; path = UMSocialWechatHandler.h; sourceTree = "<group>"; };
		3885C8C41BE8E8FB009441EA /* WXApi.h */ = {isa = PBXFileReference; fileEncoding = 4; lastKnownFileType = sourcecode.c.h; path = WXApi.h; sourceTree = "<group>"; };
		3885C8C51BE8E8FB009441EA /* WXApiObject.h */ = {isa = PBXFileReference; fileEncoding = 4; lastKnownFileType = sourcecode.c.h; path = WXApiObject.h; sourceTree = "<group>"; };
		3885C8C71BE8E8FB009441EA /* iOS-social-analytics-releasenote.html */ = {isa = PBXFileReference; fileEncoding = 4; lastKnownFileType = text.html; path = "iOS-social-analytics-releasenote.html"; sourceTree = "<group>"; };
		3885C8C81BE8E8FB009441EA /* iOS-social-releasenote.html */ = {isa = PBXFileReference; fileEncoding = 4; lastKnownFileType = text.html; path = "iOS-social-releasenote.html"; sourceTree = "<group>"; };
		3885C8C91BE8E8FB009441EA /* ios-social-sdk-comment-detail.html */ = {isa = PBXFileReference; fileEncoding = 4; lastKnownFileType = text.html; path = "ios-social-sdk-comment-detail.html"; sourceTree = "<group>"; };
		3885C8CA1BE8E8FB009441EA /* ios-social-sdk-comment-quick.html */ = {isa = PBXFileReference; fileEncoding = 4; lastKnownFileType = text.html; path = "ios-social-sdk-comment-quick.html"; sourceTree = "<group>"; };
		3885C8CB1BE8E8FB009441EA /* ios-social-sdk-like.html */ = {isa = PBXFileReference; fileEncoding = 4; lastKnownFileType = text.html; path = "ios-social-sdk-like.html"; sourceTree = "<group>"; };
		3885C8CC1BE8E8FB009441EA /* ios-social-sdk-login-detail.html */ = {isa = PBXFileReference; fileEncoding = 4; lastKnownFileType = text.html; path = "ios-social-sdk-login-detail.html"; sourceTree = "<group>"; };
		3885C8CD1BE8E8FB009441EA /* ios-social-sdk-login-quick.html */ = {isa = PBXFileReference; fileEncoding = 4; lastKnownFileType = text.html; path = "ios-social-sdk-login-quick.html"; sourceTree = "<group>"; };
		3885C8CE1BE8E8FB009441EA /* ios-social-sdk-shake.html */ = {isa = PBXFileReference; fileEncoding = 4; lastKnownFileType = text.html; path = "ios-social-sdk-shake.html"; sourceTree = "<group>"; };
		3885C8CF1BE8E8FB009441EA /* ios-social-sdk-share-detail.html */ = {isa = PBXFileReference; fileEncoding = 4; lastKnownFileType = text.html; path = "ios-social-sdk-share-detail.html"; sourceTree = "<group>"; };
		3885C8D01BE8E8FB009441EA /* ios-social-sdk-share-quick.html */ = {isa = PBXFileReference; fileEncoding = 4; lastKnownFileType = text.html; path = "ios-social-sdk-share-quick.html"; sourceTree = "<group>"; };
		3885C8D11BE8E8FB009441EA /* ios-social-sdk-socialbar.html */ = {isa = PBXFileReference; fileEncoding = 4; lastKnownFileType = text.html; path = "ios-social-sdk-socialbar.html"; sourceTree = "<group>"; };
		3885C8D21BE8E8FB009441EA /* markdown.css */ = {isa = PBXFileReference; fileEncoding = 4; lastKnownFileType = text.css; path = markdown.css; sourceTree = "<group>"; };
		3885C8F01BE8E96A009441EA /* .gitignore */ = {isa = PBXFileReference; fileEncoding = 4; lastKnownFileType = text; path = .gitignore; sourceTree = "<group>"; };
		3885C8F11BE8E96A009441EA /* LICENSE */ = {isa = PBXFileReference; fileEncoding = 4; lastKnownFileType = text; path = LICENSE; sourceTree = "<group>"; };
		3885C8F21BE8E96A009441EA /* PSCollectionView.h */ = {isa = PBXFileReference; fileEncoding = 4; lastKnownFileType = sourcecode.c.h; path = PSCollectionView.h; sourceTree = "<group>"; };
		3885C8F31BE8E96A009441EA /* PSCollectionView.m */ = {isa = PBXFileReference; fileEncoding = 4; lastKnownFileType = sourcecode.c.objc; path = PSCollectionView.m; sourceTree = "<group>"; };
		3885C8F41BE8E96A009441EA /* PSCollectionViewCell.h */ = {isa = PBXFileReference; fileEncoding = 4; lastKnownFileType = sourcecode.c.h; path = PSCollectionViewCell.h; sourceTree = "<group>"; };
		3885C8F51BE8E96A009441EA /* PSCollectionViewCell.m */ = {isa = PBXFileReference; fileEncoding = 4; lastKnownFileType = sourcecode.c.objc; path = PSCollectionViewCell.m; sourceTree = "<group>"; };
		3885C8F61BE8E96A009441EA /* README.md */ = {isa = PBXFileReference; fileEncoding = 4; lastKnownFileType = net.daringfireball.markdown; path = README.md; sourceTree = "<group>"; };
		3885C8FC1BE8EA26009441EA /* SystemConfiguration.framework */ = {isa = PBXFileReference; lastKnownFileType = wrapper.framework; name = SystemConfiguration.framework; path = System/Library/Frameworks/SystemConfiguration.framework; sourceTree = SDKROOT; };
		3885C8FE1BE8EA46009441EA /* Security.framework */ = {isa = PBXFileReference; lastKnownFileType = wrapper.framework; name = Security.framework; path = System/Library/Frameworks/Security.framework; sourceTree = SDKROOT; };
		3885C9001BE8EA4E009441EA /* libiconv.tbd */ = {isa = PBXFileReference; lastKnownFileType = "sourcecode.text-based-dylib-definition"; name = libiconv.tbd; path = usr/lib/libiconv.tbd; sourceTree = SDKROOT; };
		3885C9021BE8EA54009441EA /* CoreGraphics.framework */ = {isa = PBXFileReference; lastKnownFileType = wrapper.framework; name = CoreGraphics.framework; path = System/Library/Frameworks/CoreGraphics.framework; sourceTree = SDKROOT; };
		3885C9041BE8EA5C009441EA /* libsqlite3.tbd */ = {isa = PBXFileReference; lastKnownFileType = "sourcecode.text-based-dylib-definition"; name = libsqlite3.tbd; path = usr/lib/libsqlite3.tbd; sourceTree = SDKROOT; };
		3885C9061BE8EA62009441EA /* CoreTelephony.framework */ = {isa = PBXFileReference; lastKnownFileType = wrapper.framework; name = CoreTelephony.framework; path = System/Library/Frameworks/CoreTelephony.framework; sourceTree = SDKROOT; };
		3885C9081BE8EA6A009441EA /* libstdc++.tbd */ = {isa = PBXFileReference; lastKnownFileType = "sourcecode.text-based-dylib-definition"; name = "libstdc++.tbd"; path = "usr/lib/libstdc++.tbd"; sourceTree = SDKROOT; };
		3885C90A1BE8EA70009441EA /* libz.tbd */ = {isa = PBXFileReference; lastKnownFileType = "sourcecode.text-based-dylib-definition"; name = libz.tbd; path = usr/lib/libz.tbd; sourceTree = SDKROOT; };
		3886C0931BD748830014E661 /* BaseProject.app */ = {isa = PBXFileReference; explicitFileType = wrapper.application; includeInIndex = 0; path = BaseProject.app; sourceTree = BUILT_PRODUCTS_DIR; };
		3886C0971BD748830014E661 /* main.m */ = {isa = PBXFileReference; lastKnownFileType = sourcecode.c.objc; path = main.m; sourceTree = "<group>"; };
		3886C0991BD748830014E661 /* AppDelegate.h */ = {isa = PBXFileReference; lastKnownFileType = sourcecode.c.h; path = AppDelegate.h; sourceTree = "<group>"; };
		3886C09A1BD748830014E661 /* AppDelegate.m */ = {isa = PBXFileReference; lastKnownFileType = sourcecode.c.objc; path = AppDelegate.m; sourceTree = "<group>"; };
		3886C0A01BD748830014E661 /* Base */ = {isa = PBXFileReference; lastKnownFileType = file.storyboard; name = Base; path = Base.lproj/Main.storyboard; sourceTree = "<group>"; };
		3886C0A21BD748830014E661 /* Assets.xcassets */ = {isa = PBXFileReference; lastKnownFileType = folder.assetcatalog; name = Assets.xcassets; path = ../Assets.xcassets; sourceTree = "<group>"; };
		3886C0A71BD748830014E661 /* Info.plist */ = {isa = PBXFileReference; lastKnownFileType = text.plist.xml; path = Info.plist; sourceTree = "<group>"; };
		3886C0AD1BD749A00014E661 /* LaunchScreen.xib */ = {isa = PBXFileReference; fileEncoding = 4; lastKnownFileType = file.xib; name = LaunchScreen.xib; path = ../LaunchScreen.xib; sourceTree = "<group>"; };
		3886C0B81BD74A700014E661 /* PrefixHeader.pch */ = {isa = PBXFileReference; lastKnownFileType = sourcecode.c.h; path = PrefixHeader.pch; sourceTree = "<group>"; };
		3886C0B91BD74AE90014E661 /* BaseViewModel.h */ = {isa = PBXFileReference; fileEncoding = 4; lastKnownFileType = sourcecode.c.h; path = BaseViewModel.h; sourceTree = "<group>"; };
		3886C0BA1BD74AE90014E661 /* BaseViewModel.m */ = {isa = PBXFileReference; fileEncoding = 4; lastKnownFileType = sourcecode.c.objc; path = BaseViewModel.m; sourceTree = "<group>"; };
		3886C0BC1BD74AFE0014E661 /* BaseNetManager.h */ = {isa = PBXFileReference; fileEncoding = 4; lastKnownFileType = sourcecode.c.h; path = BaseNetManager.h; sourceTree = "<group>"; };
		3886C0BD1BD74AFE0014E661 /* BaseNetManager.m */ = {isa = PBXFileReference; fileEncoding = 4; lastKnownFileType = sourcecode.c.objc; path = BaseNetManager.m; sourceTree = "<group>"; };
		3886C0BF1BD74B090014E661 /* BaseModel.h */ = {isa = PBXFileReference; fileEncoding = 4; lastKnownFileType = sourcecode.c.h; path = BaseModel.h; sourceTree = "<group>"; };
		3886C0C01BD74B090014E661 /* BaseModel.m */ = {isa = PBXFileReference; fileEncoding = 4; lastKnownFileType = sourcecode.c.objc; path = BaseModel.m; sourceTree = "<group>"; };
		3886C0C21BD74B430014E661 /* Constants.h */ = {isa = PBXFileReference; lastKnownFileType = sourcecode.c.h; path = Constants.h; sourceTree = "<group>"; };
		4329DABFE5AD654FE71597C9 /* Pods-BaseProject.debug.xcconfig */ = {isa = PBXFileReference; includeInIndex = 1; lastKnownFileType = text.xcconfig; name = "Pods-BaseProject.debug.xcconfig"; path = "Pods/Target Support Files/Pods-BaseProject/Pods-BaseProject.debug.xcconfig"; sourceTree = "<group>"; };
		5EAAD623A23724C816F8DC02 /* libPods-BaseProject.a */ = {isa = PBXFileReference; explicitFileType = archive.ar; includeInIndex = 0; path = "libPods-BaseProject.a"; sourceTree = BUILT_PRODUCTS_DIR; };
		A05410F21BEC365D00F62931 /* TuWanListViewController.h */ = {isa = PBXFileReference; fileEncoding = 4; lastKnownFileType = sourcecode.c.h; path = TuWanListViewController.h; sourceTree = "<group>"; };
		A05410F31BEC365D00F62931 /* TuWanListViewController.m */ = {isa = PBXFileReference; fileEncoding = 4; lastKnownFileType = sourcecode.c.objc; path = TuWanListViewController.m; sourceTree = "<group>"; };
		A05410F91BEC371300F62931 /* TuWanListCell.h */ = {isa = PBXFileReference; fileEncoding = 4; lastKnownFileType = sourcecode.c.h; path = TuWanListCell.h; sourceTree = "<group>"; };
		A05410FA1BEC371300F62931 /* TuWanListCell.m */ = {isa = PBXFileReference; fileEncoding = 4; lastKnownFileType = sourcecode.c.objc; path = TuWanListCell.m; sourceTree = "<group>"; };
		A05410FC1BEC416B00F62931 /* TuWanImageCell.h */ = {isa = PBXFileReference; fileEncoding = 4; lastKnownFileType = sourcecode.c.h; path = TuWanImageCell.h; sourceTree = "<group>"; };
		A05410FD1BEC416B00F62931 /* TuWanImageCell.m */ = {isa = PBXFileReference; fileEncoding = 4; lastKnownFileType = sourcecode.c.objc; path = TuWanImageCell.m; sourceTree = "<group>"; };
		A05410FF1BEC7CE400F62931 /* TuWanImageView.h */ = {isa = PBXFileReference; fileEncoding = 4; lastKnownFileType = sourcecode.c.h; path = TuWanImageView.h; sourceTree = "<group>"; };
		A05411001BEC7CE400F62931 /* TuWanImageView.m */ = {isa = PBXFileReference; fileEncoding = 4; lastKnownFileType = sourcecode.c.objc; path = TuWanImageView.m; sourceTree = "<group>"; };
		A05411021BEC95E900F62931 /* TuWanHtml5ViewController.h */ = {isa = PBXFileReference; fileEncoding = 4; lastKnownFileType = sourcecode.c.h; path = TuWanHtml5ViewController.h; sourceTree = "<group>"; };
		A05411031BEC95E900F62931 /* TuWanHtml5ViewController.m */ = {isa = PBXFileReference; fileEncoding = 4; lastKnownFileType = sourcecode.c.objc; path = TuWanHtml5ViewController.m; sourceTree = "<group>"; };
		A0686EF51BF029CD00E810B6 /* TuWanPicViewModel.h */ = {isa = PBXFileReference; fileEncoding = 4; lastKnownFileType = sourcecode.c.h; path = TuWanPicViewModel.h; sourceTree = "<group>"; };
		A0686EF61BF029CD00E810B6 /* TuWanPicViewModel.m */ = {isa = PBXFileReference; fileEncoding = 4; lastKnownFileType = sourcecode.c.objc; path = TuWanPicViewModel.m; sourceTree = "<group>"; };
		A0686EF81BF02A9400E810B6 /* TuWanPicModel.h */ = {isa = PBXFileReference; fileEncoding = 4; lastKnownFileType = sourcecode.c.h; path = TuWanPicModel.h; sourceTree = "<group>"; };
		A0686EF91BF02A9400E810B6 /* TuWanPicModel.m */ = {isa = PBXFileReference; fileEncoding = 4; lastKnownFileType = sourcecode.c.objc; path = TuWanPicModel.m; sourceTree = "<group>"; };
		A0686EFA1BF02A9400E810B6 /* TuWanVideoModel.h */ = {isa = PBXFileReference; fileEncoding = 4; lastKnownFileType = sourcecode.c.h; path = TuWanVideoModel.h; sourceTree = "<group>"; };
		A0686EFB1BF02A9400E810B6 /* TuWanVideoModel.m */ = {isa = PBXFileReference; fileEncoding = 4; lastKnownFileType = sourcecode.c.objc; path = TuWanVideoModel.m; sourceTree = "<group>"; };
		A0686EFE1BF02EA100E810B6 /* TuWanPicViewController.h */ = {isa = PBXFileReference; fileEncoding = 4; lastKnownFileType = sourcecode.c.h; path = TuWanPicViewController.h; sourceTree = "<group>"; };
		A0686EFF1BF02EA100E810B6 /* TuWanPicViewController.m */ = {isa = PBXFileReference; fileEncoding = 4; lastKnownFileType = sourcecode.c.objc; path = TuWanPicViewController.m; sourceTree = "<group>"; };
		A0686F011BF0496200E810B6 /* XiMaLaYaCategoryCell.h */ = {isa = PBXFileReference; fileEncoding = 4; lastKnownFileType = sourcecode.c.h; path = XiMaLaYaCategoryCell.h; sourceTree = "<group>"; };
		A0686F021BF0496200E810B6 /* XiMaLaYaCategoryCell.m */ = {isa = PBXFileReference; fileEncoding = 4; lastKnownFileType = sourcecode.c.objc; path = XiMaLaYaCategoryCell.m; sourceTree = "<group>"; };
		A0769A131BF1DF1300C0CFAE /* AVFoundation.framework */ = {isa = PBXFileReference; lastKnownFileType = wrapper.framework; name = AVFoundation.framework; path = System/Library/Frameworks/AVFoundation.framework; sourceTree = SDKROOT; };
		A0769A151BF1DF5B00C0CFAE /* PlayView.h */ = {isa = PBXFileReference; fileEncoding = 4; lastKnownFileType = sourcecode.c.h; path = PlayView.h; sourceTree = "<group>"; };
		A0769A161BF1DF5B00C0CFAE /* PlayView.m */ = {isa = PBXFileReference; fileEncoding = 4; lastKnownFileType = sourcecode.c.objc; path = PlayView.m; sourceTree = "<group>"; };
		A08058671BF072960013862F /* XiMaLaYaCategoryViewModel.h */ = {isa = PBXFileReference; fileEncoding = 4; lastKnownFileType = sourcecode.c.h; path = XiMaLaYaCategoryViewModel.h; sourceTree = "<group>"; };
		A08058681BF072960013862F /* XiMaLaYaCategoryViewModel.m */ = {isa = PBXFileReference; fileEncoding = 4; lastKnownFileType = sourcecode.c.objc; path = XiMaLaYaCategoryViewModel.m; sourceTree = "<group>"; };
		A0BF909C1BF19484006883BC /* MusicDetailCell.h */ = {isa = PBXFileReference; fileEncoding = 4; lastKnownFileType = sourcecode.c.h; path = MusicDetailCell.h; sourceTree = "<group>"; };
		A0BF909D1BF19484006883BC /* MusicDetailCell.m */ = {isa = PBXFileReference; fileEncoding = 4; lastKnownFileType = sourcecode.c.objc; path = MusicDetailCell.m; sourceTree = "<group>"; };
		A0BF909F1BF1C081006883BC /* XiMaLaYaAlbumViewModel.h */ = {isa = PBXFileReference; fileEncoding = 4; lastKnownFileType = sourcecode.c.h; name = XiMaLaYaAlbumViewModel.h; path = "../../ViewController/喜马拉雅/XiMaLaYaAlbumViewModel.h"; sourceTree = "<group>"; };
		A0BF90A01BF1C081006883BC /* XiMaLaYaAlbumViewModel.m */ = {isa = PBXFileReference; fileEncoding = 4; lastKnownFileType = sourcecode.c.objc; name = XiMaLaYaAlbumViewModel.m; path = "../../ViewController/喜马拉雅/XiMaLaYaAlbumViewModel.m"; sourceTree = "<group>"; };
		A0BF90A21BF1CB86006883BC /* MusicListViewController.h */ = {isa = PBXFileReference; fileEncoding = 4; lastKnownFileType = sourcecode.c.h; path = MusicListViewController.h; sourceTree = "<group>"; };
		A0BF90A31BF1CB86006883BC /* MusicListViewController.m */ = {isa = PBXFileReference; fileEncoding = 4; lastKnownFileType = sourcecode.c.objc; path = MusicListViewController.m; sourceTree = "<group>"; };
		A0CEE7611BEB047A002F5DDC /* DuoWanAllHeroesModel.h */ = {isa = PBXFileReference; fileEncoding = 4; lastKnownFileType = sourcecode.c.h; path = DuoWanAllHeroesModel.h; sourceTree = "<group>"; };
		A0CEE7621BEB047A002F5DDC /* DuoWanAllHeroesModel.m */ = {isa = PBXFileReference; fileEncoding = 4; lastKnownFileType = sourcecode.c.objc; path = DuoWanAllHeroesModel.m; sourceTree = "<group>"; };
		A0CEE7631BEB047A002F5DDC /* DuoWanFreeHeroesModel.h */ = {isa = PBXFileReference; fileEncoding = 4; lastKnownFileType = sourcecode.c.h; path = DuoWanFreeHeroesModel.h; sourceTree = "<group>"; };
		A0CEE7641BEB047A002F5DDC /* DuoWanFreeHeroesModel.m */ = {isa = PBXFileReference; fileEncoding = 4; lastKnownFileType = sourcecode.c.objc; path = DuoWanFreeHeroesModel.m; sourceTree = "<group>"; };
		A0CEE7651BEB047A002F5DDC /* DuoWanGiftModel.h */ = {isa = PBXFileReference; fileEncoding = 4; lastKnownFileType = sourcecode.c.h; path = DuoWanGiftModel.h; sourceTree = "<group>"; };
		A0CEE7661BEB047A002F5DDC /* DuoWanGiftModel.m */ = {isa = PBXFileReference; fileEncoding = 4; lastKnownFileType = sourcecode.c.objc; path = DuoWanGiftModel.m; sourceTree = "<group>"; };
		A0CEE7671BEB047A002F5DDC /* DuoWanHeroBestGroupModel.h */ = {isa = PBXFileReference; fileEncoding = 4; lastKnownFileType = sourcecode.c.h; path = DuoWanHeroBestGroupModel.h; sourceTree = "<group>"; };
		A0CEE7681BEB047A002F5DDC /* DuoWanHeroBestGroupModel.m */ = {isa = PBXFileReference; fileEncoding = 4; lastKnownFileType = sourcecode.c.objc; path = DuoWanHeroBestGroupModel.m; sourceTree = "<group>"; };
		A0CEE7691BEB047A002F5DDC /* DuoWanHeroChangeModel.h */ = {isa = PBXFileReference; fileEncoding = 4; lastKnownFileType = sourcecode.c.h; path = DuoWanHeroChangeModel.h; sourceTree = "<group>"; };
		A0CEE76A1BEB047A002F5DDC /* DuoWanHeroChangeModel.m */ = {isa = PBXFileReference; fileEncoding = 4; lastKnownFileType = sourcecode.c.objc; path = DuoWanHeroChangeModel.m; sourceTree = "<group>"; };
		A0CEE76B1BEB047A002F5DDC /* DuoWanHeroDetailModel.h */ = {isa = PBXFileReference; fileEncoding = 4; lastKnownFileType = sourcecode.c.h; path = DuoWanHeroDetailModel.h; sourceTree = "<group>"; };
		A0CEE76C1BEB047A002F5DDC /* DuoWanHeroDetailModel.m */ = {isa = PBXFileReference; fileEncoding = 4; lastKnownFileType = sourcecode.c.objc; path = DuoWanHeroDetailModel.m; sourceTree = "<group>"; };
		A0CEE76D1BEB047A002F5DDC /* DuoWanHeroSkinModel.h */ = {isa = PBXFileReference; fileEncoding = 4; lastKnownFileType = sourcecode.c.h; path = DuoWanHeroSkinModel.h; sourceTree = "<group>"; };
		A0CEE76E1BEB047A002F5DDC /* DuoWanHeroSkinModel.m */ = {isa = PBXFileReference; fileEncoding = 4; lastKnownFileType = sourcecode.c.objc; path = DuoWanHeroSkinModel.m; sourceTree = "<group>"; };
		A0CEE76F1BEB047A002F5DDC /* DuoWanHeroSoundModel.h */ = {isa = PBXFileReference; fileEncoding = 4; lastKnownFileType = sourcecode.c.h; path = DuoWanHeroSoundModel.h; sourceTree = "<group>"; };
		A0CEE7701BEB047A002F5DDC /* DuoWanHeroSoundModel.m */ = {isa = PBXFileReference; fileEncoding = 4; lastKnownFileType = sourcecode.c.objc; path = DuoWanHeroSoundModel.m; sourceTree = "<group>"; };
		A0CEE7711BEB047A002F5DDC /* DuoWanHeroSuggestedGiftAndRunModel.h */ = {isa = PBXFileReference; fileEncoding = 4; lastKnownFileType = sourcecode.c.h; path = DuoWanHeroSuggestedGiftAndRunModel.h; sourceTree = "<group>"; };
		A0CEE7721BEB047A002F5DDC /* DuoWanHeroSuggestedGiftAndRunModel.m */ = {isa = PBXFileReference; fileEncoding = 4; lastKnownFileType = sourcecode.c.objc; path = DuoWanHeroSuggestedGiftAndRunModel.m; sourceTree = "<group>"; };
		A0CEE7731BEB047A002F5DDC /* DuoWanHeroWeekModel.h */ = {isa = PBXFileReference; fileEncoding = 4; lastKnownFileType = sourcecode.c.h; path = DuoWanHeroWeekModel.h; sourceTree = "<group>"; };
		A0CEE7741BEB047A002F5DDC /* DuoWanHeroWeekModel.m */ = {isa = PBXFileReference; fileEncoding = 4; lastKnownFileType = sourcecode.c.objc; path = DuoWanHeroWeekModel.m; sourceTree = "<group>"; };
		A0CEE7751BEB047A002F5DDC /* DuoWanItemDetailModel.h */ = {isa = PBXFileReference; fileEncoding = 4; lastKnownFileType = sourcecode.c.h; path = DuoWanItemDetailModel.h; sourceTree = "<group>"; };
		A0CEE7761BEB047A002F5DDC /* DuoWanItemDetailModel.m */ = {isa = PBXFileReference; fileEncoding = 4; lastKnownFileType = sourcecode.c.objc; path = DuoWanItemDetailModel.m; sourceTree = "<group>"; };
		A0CEE7771BEB047A002F5DDC /* DuoWanLolczModel.h */ = {isa = PBXFileReference; fileEncoding = 4; lastKnownFileType = sourcecode.c.h; path = DuoWanLolczModel.h; sourceTree = "<group>"; };
		A0CEE7781BEB047A002F5DDC /* DuoWanLolczModel.m */ = {isa = PBXFileReference; fileEncoding = 4; lastKnownFileType = sourcecode.c.objc; path = DuoWanLolczModel.m; sourceTree = "<group>"; };
		A0CEE7791BEB047A002F5DDC /* DuoWanModel.h */ = {isa = PBXFileReference; fileEncoding = 4; lastKnownFileType = sourcecode.c.h; path = DuoWanModel.h; sourceTree = "<group>"; };
		A0CEE77A1BEB047A002F5DDC /* DuoWanRunesModel.h */ = {isa = PBXFileReference; fileEncoding = 4; lastKnownFileType = sourcecode.c.h; path = DuoWanRunesModel.h; sourceTree = "<group>"; };
		A0CEE77B1BEB047A002F5DDC /* DuoWanRunesModel.m */ = {isa = PBXFileReference; fileEncoding = 4; lastKnownFileType = sourcecode.c.objc; path = DuoWanRunesModel.m; sourceTree = "<group>"; };
		A0CEE77C1BEB047A002F5DDC /* DuoWanSumAbilityModel.h */ = {isa = PBXFileReference; fileEncoding = 4; lastKnownFileType = sourcecode.c.h; path = DuoWanSumAbilityModel.h; sourceTree = "<group>"; };
		A0CEE77D1BEB047A002F5DDC /* DuoWanSumAbilityModel.m */ = {isa = PBXFileReference; fileEncoding = 4; lastKnownFileType = sourcecode.c.objc; path = DuoWanSumAbilityModel.m; sourceTree = "<group>"; };
		A0CEE77E1BEB047A002F5DDC /* DuoWanToolMenuModel.h */ = {isa = PBXFileReference; fileEncoding = 4; lastKnownFileType = sourcecode.c.h; path = DuoWanToolMenuModel.h; sourceTree = "<group>"; };
		A0CEE77F1BEB047A002F5DDC /* DuoWanToolMenuModel.m */ = {isa = PBXFileReference; fileEncoding = 4; lastKnownFileType = sourcecode.c.objc; path = DuoWanToolMenuModel.m; sourceTree = "<group>"; };
		A0CEE7801BEB047A002F5DDC /* DuoWanVideoesNormalModel.h */ = {isa = PBXFileReference; fileEncoding = 4; lastKnownFileType = sourcecode.c.h; path = DuoWanVideoesNormalModel.h; sourceTree = "<group>"; };
		A0CEE7811BEB047A002F5DDC /* DuoWanVideoesNormalModel.m */ = {isa = PBXFileReference; fileEncoding = 4; lastKnownFileType = sourcecode.c.objc; path = DuoWanVideoesNormalModel.m; sourceTree = "<group>"; };
		A0CEE7821BEB047A002F5DDC /* DuoWanZBCategoryModel.h */ = {isa = PBXFileReference; fileEncoding = 4; lastKnownFileType = sourcecode.c.h; path = DuoWanZBCategoryModel.h; sourceTree = "<group>"; };
		A0CEE7831BEB047A002F5DDC /* DuoWanZBCategoryModel.m */ = {isa = PBXFileReference; fileEncoding = 4; lastKnownFileType = sourcecode.c.objc; path = DuoWanZBCategoryModel.m; sourceTree = "<group>"; };
		A0CEE7841BEB047A002F5DDC /* DuoWanZBItemListModel.h */ = {isa = PBXFileReference; fileEncoding = 4; lastKnownFileType = sourcecode.c.h; path = DuoWanZBItemListModel.h; sourceTree = "<group>"; };
		A0CEE7851BEB047A002F5DDC /* DuoWanZBItemListModel.m */ = {isa = PBXFileReference; fileEncoding = 4; lastKnownFileType = sourcecode.c.objc; path = DuoWanZBItemListModel.m; sourceTree = "<group>"; };
		A0CEE7871BEB047A002F5DDC /* TuWanModel.h */ = {isa = PBXFileReference; fileEncoding = 4; lastKnownFileType = sourcecode.c.h; path = TuWanModel.h; sourceTree = "<group>"; };
		A0CEE7881BEB047A002F5DDC /* TuWanModel.m */ = {isa = PBXFileReference; fileEncoding = 4; lastKnownFileType = sourcecode.c.objc; path = TuWanModel.m; sourceTree = "<group>"; };
		A0CEE78A1BEB047A002F5DDC /* XiMaLaYaAlbumModel.h */ = {isa = PBXFileReference; fileEncoding = 4; lastKnownFileType = sourcecode.c.h; path = XiMaLaYaAlbumModel.h; sourceTree = "<group>"; };
		A0CEE78B1BEB047A002F5DDC /* XiMaLaYaAlbumModel.m */ = {isa = PBXFileReference; fileEncoding = 4; lastKnownFileType = sourcecode.c.objc; path = XiMaLaYaAlbumModel.m; sourceTree = "<group>"; };
		A0CEE78C1BEB047A002F5DDC /* XiMaLaYaRankingListModel.h */ = {isa = PBXFileReference; fileEncoding = 4; lastKnownFileType = sourcecode.c.h; path = XiMaLaYaRankingListModel.h; sourceTree = "<group>"; };
		A0CEE78D1BEB047A002F5DDC /* XiMaLaYaRankingListModel.m */ = {isa = PBXFileReference; fileEncoding = 4; lastKnownFileType = sourcecode.c.objc; path = XiMaLaYaRankingListModel.m; sourceTree = "<group>"; };
		A0CEE7A31BEB04AB002F5DDC /* DuoWanNetManager.h */ = {isa = PBXFileReference; fileEncoding = 4; lastKnownFileType = sourcecode.c.h; path = DuoWanNetManager.h; sourceTree = "<group>"; };
		A0CEE7A41BEB04AB002F5DDC /* DuoWanNetManager.m */ = {isa = PBXFileReference; fileEncoding = 4; lastKnownFileType = sourcecode.c.objc; path = DuoWanNetManager.m; sourceTree = "<group>"; };
		A0CEE7A51BEB04AB002F5DDC /* TuWanNetManager.h */ = {isa = PBXFileReference; fileEncoding = 4; lastKnownFileType = sourcecode.c.h; path = TuWanNetManager.h; sourceTree = "<group>"; };
		A0CEE7A61BEB04AB002F5DDC /* TuWanNetManager.m */ = {isa = PBXFileReference; fileEncoding = 4; lastKnownFileType = sourcecode.c.objc; path = TuWanNetManager.m; sourceTree = "<group>"; };
		A0CEE7A71BEB04AB002F5DDC /* XiMaLaYaNetManager.h */ = {isa = PBXFileReference; fileEncoding = 4; lastKnownFileType = sourcecode.c.h; path = XiMaLaYaNetManager.h; sourceTree = "<group>"; };
		A0CEE7A81BEB04AB002F5DDC /* XiMaLaYaNetManager.m */ = {isa = PBXFileReference; fileEncoding = 4; lastKnownFileType = sourcecode.c.objc; path = XiMaLaYaNetManager.m; sourceTree = "<group>"; };
		A0CEE7B41BEB0667002F5DDC /* DuoWanTabBarController.h */ = {isa = PBXFileReference; fileEncoding = 4; lastKnownFileType = sourcecode.c.h; path = DuoWanTabBarController.h; sourceTree = "<group>"; };
		A0CEE7B51BEB0667002F5DDC /* DuoWanTabBarController.m */ = {isa = PBXFileReference; fileEncoding = 4; lastKnownFileType = sourcecode.c.objc; path = DuoWanTabBarController.m; sourceTree = "<group>"; };
		A0CEE7B71BEB06CD002F5DDC /* TuWanViewController.h */ = {isa = PBXFileReference; fileEncoding = 4; lastKnownFileType = sourcecode.c.h; path = TuWanViewController.h; sourceTree = "<group>"; };
		A0CEE7B81BEB06CD002F5DDC /* TuWanViewController.m */ = {isa = PBXFileReference; fileEncoding = 4; lastKnownFileType = sourcecode.c.objc; path = TuWanViewController.m; sourceTree = "<group>"; };
		A0CEE7BA1BEB06F3002F5DDC /* MyInfoViewController.h */ = {isa = PBXFileReference; fileEncoding = 4; lastKnownFileType = sourcecode.c.h; path = MyInfoViewController.h; sourceTree = "<group>"; };
		A0CEE7BB1BEB06F3002F5DDC /* MyInfoViewController.m */ = {isa = PBXFileReference; fileEncoding = 4; lastKnownFileType = sourcecode.c.objc; path = MyInfoViewController.m; sourceTree = "<group>"; };
		A0CEE7BD1BEB0722002F5DDC /* RankListViewController.h */ = {isa = PBXFileReference; fileEncoding = 4; lastKnownFileType = sourcecode.c.h; path = RankListViewController.h; sourceTree = "<group>"; };
		A0CEE7BE1BEB0722002F5DDC /* RankListViewController.m */ = {isa = PBXFileReference; fileEncoding = 4; lastKnownFileType = sourcecode.c.objc; path = RankListViewController.m; sourceTree = "<group>"; };
		A0CEE7C01BEB0763002F5DDC /* LeftViewController.h */ = {isa = PBXFileReference; fileEncoding = 4; lastKnownFileType = sourcecode.c.h; path = LeftViewController.h; sourceTree = "<group>"; };
		A0CEE7C11BEB0763002F5DDC /* LeftViewController.m */ = {isa = PBXFileReference; fileEncoding = 4; lastKnownFileType = sourcecode.c.objc; path = LeftViewController.m; sourceTree = "<group>"; };
		A0CEE7C31BEB442D002F5DDC /* Factory.h */ = {isa = PBXFileReference; fileEncoding = 4; lastKnownFileType = sourcecode.c.h; path = Factory.h; sourceTree = "<group>"; };
		A0CEE7C41BEB442D002F5DDC /* Factory.m */ = {isa = PBXFileReference; fileEncoding = 4; lastKnownFileType = sourcecode.c.objc; path = Factory.m; sourceTree = "<group>"; };
		A0CEE7C61BEB4726002F5DDC /* TuWanViewModel.h */ = {isa = PBXFileReference; fileEncoding = 4; lastKnownFileType = sourcecode.c.h; path = TuWanViewModel.h; sourceTree = "<group>"; };
		A0CEE7C71BEB4726002F5DDC /* TuWanViewModel.m */ = {isa = PBXFileReference; fileEncoding = 4; lastKnownFileType = sourcecode.c.objc; path = TuWanViewModel.m; sourceTree = "<group>"; };
		A0E2D5E91BF2CDEE0023577F /* DuoWanHeroViewController.h */ = {isa = PBXFileReference; fileEncoding = 4; lastKnownFileType = sourcecode.c.h; path = DuoWanHeroViewController.h; sourceTree = "<group>"; };
		A0E2D5EA1BF2CDEE0023577F /* DuoWanHeroViewController.m */ = {isa = PBXFileReference; fileEncoding = 4; lastKnownFileType = sourcecode.c.objc; path = DuoWanHeroViewController.m; sourceTree = "<group>"; };
		A0E2D5EC1BF2CE1F0023577F /* DuoWanBaiKeViewController.h */ = {isa = PBXFileReference; fileEncoding = 4; lastKnownFileType = sourcecode.c.h; path = DuoWanBaiKeViewController.h; sourceTree = "<group>"; };
		A0E2D5ED1BF2CE1F0023577F /* DuoWanBaiKeViewController.m */ = {isa = PBXFileReference; fileEncoding = 4; lastKnownFileType = sourcecode.c.objc; path = DuoWanBaiKeViewController.m; sourceTree = "<group>"; };
		A0E2D5EF1BF2CE4C0023577F /* DuoWanSearchViewController.h */ = {isa = PBXFileReference; fileEncoding = 4; lastKnownFileType = sourcecode.c.h; path = DuoWanSearchViewController.h; sourceTree = "<group>"; };
		A0E2D5F01BF2CE4C0023577F /* DuoWanSearchViewController.m */ = {isa = PBXFileReference; fileEncoding = 4; lastKnownFileType = sourcecode.c.objc; path = DuoWanSearchViewController.m; sourceTree = "<group>"; };
		A0E2D5F21BF2D8D60023577F /* DuoWanSearchDetailViewController.h */ = {isa = PBXFileReference; fileEncoding = 4; lastKnownFileType = sourcecode.c.h; path = DuoWanSearchDetailViewController.h; sourceTree = "<group>"; };
		A0E2D5F31BF2D8D60023577F /* DuoWanSearchDetailViewController.m */ = {isa = PBXFileReference; fileEncoding = 4; lastKnownFileType = sourcecode.c.objc; path = DuoWanSearchDetailViewController.m; sourceTree = "<group>"; };
		A0E2D5F51BF2E6B20023577F /* DuoWanToolMenuViewModel.h */ = {isa = PBXFileReference; fileEncoding = 4; lastKnownFileType = sourcecode.c.h; path = DuoWanToolMenuViewModel.h; sourceTree = "<group>"; };
		A0E2D5F61BF2E6B20023577F /* DuoWanToolMenuViewModel.m */ = {isa = PBXFileReference; fileEncoding = 4; lastKnownFileType = sourcecode.c.objc; path = DuoWanToolMenuViewModel.m; sourceTree = "<group>"; };
		DD4F0750B5DAAA87BA236B31 /* Pods-BaseProject.release.xcconfig */ = {isa = PBXFileReference; includeInIndex = 1; lastKnownFileType = text.xcconfig; name = "Pods-BaseProject.release.xcconfig"; path = "Pods/Target Support Files/Pods-BaseProject/Pods-BaseProject.release.xcconfig"; sourceTree = "<group>"; };
/* End PBXFileReference section */

/* Begin PBXFrameworksBuildPhase section */
		3886C0901BD748830014E661 /* Frameworks */ = {
			isa = PBXFrameworksBuildPhase;
			buildActionMask = 2147483647;
			files = (
				A0769A141BF1DF1300C0CFAE /* AVFoundation.framework in Frameworks */,
				3885C90B1BE8EA70009441EA /* libz.tbd in Frameworks */,
				3885C9091BE8EA6A009441EA /* libstdc++.tbd in Frameworks */,
				3885C9071BE8EA62009441EA /* CoreTelephony.framework in Frameworks */,
				3885C9051BE8EA5C009441EA /* libsqlite3.tbd in Frameworks */,
				3885C9031BE8EA54009441EA /* CoreGraphics.framework in Frameworks */,
				3885C9011BE8EA4E009441EA /* libiconv.tbd in Frameworks */,
				3885C8FF1BE8EA46009441EA /* Security.framework in Frameworks */,
				3885C8FD1BE8EA26009441EA /* SystemConfiguration.framework in Frameworks */,
				3885C8DE1BE8E8FB009441EA /* libSocialQQ.a in Frameworks */,
				3885C8DF1BE8E8FB009441EA /* TencentOpenAPI.framework in Frameworks */,
				3885C8E21BE8E8FB009441EA /* libWeChatSDK.a in Frameworks */,
				3885C89D1BE8E8E8009441EA /* libMobClickLibrary.a in Frameworks */,
				3885C8D41BE8E8FB009441EA /* libUMSocial_Sdk_4.2.5.a in Frameworks */,
				3879FE811BDFA8E100A99990 /* libsqlite3.0.tbd in Frameworks */,
				1FACF87C97D68F953ECE365C /* libPods-BaseProject.a in Frameworks */,
				3885C8E11BE8E8FB009441EA /* libSocialWechat.a in Frameworks */,
			);
			runOnlyForDeploymentPostprocessing = 0;
		};
/* End PBXFrameworksBuildPhase section */

/* Begin PBXGroup section */
		3804CE481BD758F10046C8C8 /* Category */ = {
			isa = PBXGroup;
			children = (
				3804CE491BD758F10046C8C8 /* AppDelegate+Category.h */,
				3804CE4A1BD758F10046C8C8 /* AppDelegate+Category.m */,
				3804CE4B1BD758F10046C8C8 /* NSObject+Common.h */,
				3804CE4C1BD758F10046C8C8 /* NSObject+Common.m */,
				3804CE4D1BD758F10046C8C8 /* NSString+PJR.h */,
				3804CE4E1BD758F10046C8C8 /* NSString+PJR.m */,
				3804CE4F1BD758F10046C8C8 /* NSString+QRCode.h */,
				3804CE501BD758F10046C8C8 /* NSString+QRCode.m */,
			);
			path = Category;
			sourceTree = "<group>";
		};
		3885C8951BE8E88D009441EA /* iCarousel */ = {
			isa = PBXGroup;
			children = (
				3885C8961BE8E88D009441EA /* iCarousel.h */,
				3885C8971BE8E88D009441EA /* iCarousel.m */,
			);
			path = iCarousel;
			sourceTree = "<group>";
		};
		3885C8991BE8E8E8009441EA /* UMAnalytics_Sdk_3.6.4 */ = {
			isa = PBXGroup;
			children = (
				3885C89A1BE8E8E8009441EA /* libMobClickLibrary.a */,
				3885C89B1BE8E8E8009441EA /* MobClick.h */,
				3885C89C1BE8E8E8009441EA /* MobClickSocialAnalytics.h */,
			);
			path = UMAnalytics_Sdk_3.6.4;
			sourceTree = "<group>";
		};
		3885C89E1BE8E8FB009441EA /* umeng_ios_social_sdk_4.2-2.5_arm64_custom */ = {
			isa = PBXGroup;
			children = (
				3885C89F1BE8E8FB009441EA /* UMSocial_Sdk_4.2.5 */,
				3885C8BA1BE8E8FB009441EA /* UMSocial_Sdk_Extra_Frameworks */,
				3885C8C61BE8E8FB009441EA /* UMSocial_Sdk_Instructions */,
			);
			path = "umeng_ios_social_sdk_4.2-2.5_arm64_custom";
			sourceTree = "<group>";
		};
		3885C89F1BE8E8FB009441EA /* UMSocial_Sdk_4.2.5 */ = {
			isa = PBXGroup;
			children = (
				3885C8A01BE8E8FB009441EA /* UMSocialLocalizable.strings */,
				3885C8A21BE8E8FB009441EA /* Header */,
				3885C8AE1BE8E8FB009441EA /* libUMSocial_Sdk_4.2.5.a */,
				3885C8AF1BE8E8FB009441EA /* SocialSDKXib */,
				3885C8B81BE8E8FB009441EA /* UMSocialSDKResourcesNew.bundle */,
			);
			path = UMSocial_Sdk_4.2.5;
			sourceTree = "<group>";
		};
		3885C8A21BE8E8FB009441EA /* Header */ = {
			isa = PBXGroup;
			children = (
				3885C8A31BE8E8FB009441EA /* UMSocial.h */,
				3885C8A41BE8E8FB009441EA /* UMSocialAccountManager.h */,
				3885C8A51BE8E8FB009441EA /* UMSocialBar.h */,
				3885C8A61BE8E8FB009441EA /* UMSocialConfig.h */,
				3885C8A71BE8E8FB009441EA /* UMSocialControllerService.h */,
				3885C8A81BE8E8FB009441EA /* UMSocialControllerServiceComment.h */,
				3885C8A91BE8E8FB009441EA /* UMSocialData.h */,
				3885C8AA1BE8E8FB009441EA /* UMSocialDataService.h */,
				3885C8AB1BE8E8FB009441EA /* UMSocialSnsData.h */,
				3885C8AC1BE8E8FB009441EA /* UMSocialSnsPlatformManager.h */,
				3885C8AD1BE8E8FB009441EA /* UMSocialSnsService.h */,
			);
			path = Header;
			sourceTree = "<group>";
		};
		3885C8AF1BE8E8FB009441EA /* SocialSDKXib */ = {
			isa = PBXGroup;
			children = (
				3885C8B01BE8E8FB009441EA /* UMSCommentDetailController.xib */,
				3885C8B11BE8E8FB009441EA /* UMSCommentInputController.xib */,
				3885C8B21BE8E8FB009441EA /* UMSCommentInputControlleriPad.xib */,
				3885C8B31BE8E8FB009441EA /* UMShareEditViewController.xib */,
				3885C8B41BE8E8FB009441EA /* UMShareEditViewControlleriPad.xib */,
				3885C8B51BE8E8FB009441EA /* UMSLoginViewController.xib */,
				3885C8B61BE8E8FB009441EA /* UMSnsAccountViewController.xib */,
				3885C8B71BE8E8FB009441EA /* UMSShareListController.xib */,
			);
			path = SocialSDKXib;
			sourceTree = "<group>";
		};
		3885C8BA1BE8E8FB009441EA /* UMSocial_Sdk_Extra_Frameworks */ = {
			isa = PBXGroup;
			children = (
				3885C8BB1BE8E8FB009441EA /* TencentOpenAPI */,
				3885C8C01BE8E8FB009441EA /* Wechat */,
			);
			path = UMSocial_Sdk_Extra_Frameworks;
			sourceTree = "<group>";
		};
		3885C8BB1BE8E8FB009441EA /* TencentOpenAPI */ = {
			isa = PBXGroup;
			children = (
				3885C8BC1BE8E8FB009441EA /* libSocialQQ.a */,
				3885C8BD1BE8E8FB009441EA /* TencentOpenAPI.framework */,
				3885C8BE1BE8E8FB009441EA /* TencentOpenApi_IOS_Bundle.bundle */,
				3885C8BF1BE8E8FB009441EA /* UMSocialQQHandler.h */,
			);
			path = TencentOpenAPI;
			sourceTree = "<group>";
		};
		3885C8C01BE8E8FB009441EA /* Wechat */ = {
			isa = PBXGroup;
			children = (
				3885C8C11BE8E8FB009441EA /* libSocialWechat.a */,
				3885C8C21BE8E8FB009441EA /* libWeChatSDK.a */,
				3885C8C31BE8E8FB009441EA /* UMSocialWechatHandler.h */,
				3885C8C41BE8E8FB009441EA /* WXApi.h */,
				3885C8C51BE8E8FB009441EA /* WXApiObject.h */,
			);
			path = Wechat;
			sourceTree = "<group>";
		};
		3885C8C61BE8E8FB009441EA /* UMSocial_Sdk_Instructions */ = {
			isa = PBXGroup;
			children = (
				3885C8C71BE8E8FB009441EA /* iOS-social-analytics-releasenote.html */,
				3885C8C81BE8E8FB009441EA /* iOS-social-releasenote.html */,
				3885C8C91BE8E8FB009441EA /* ios-social-sdk-comment-detail.html */,
				3885C8CA1BE8E8FB009441EA /* ios-social-sdk-comment-quick.html */,
				3885C8CB1BE8E8FB009441EA /* ios-social-sdk-like.html */,
				3885C8CC1BE8E8FB009441EA /* ios-social-sdk-login-detail.html */,
				3885C8CD1BE8E8FB009441EA /* ios-social-sdk-login-quick.html */,
				3885C8CE1BE8E8FB009441EA /* ios-social-sdk-shake.html */,
				3885C8CF1BE8E8FB009441EA /* ios-social-sdk-share-detail.html */,
				3885C8D01BE8E8FB009441EA /* ios-social-sdk-share-quick.html */,
				3885C8D11BE8E8FB009441EA /* ios-social-sdk-socialbar.html */,
				3885C8D21BE8E8FB009441EA /* markdown.css */,
			);
			path = UMSocial_Sdk_Instructions;
			sourceTree = "<group>";
		};
		3885C8EF1BE8E96A009441EA /* PSCollectionView-master */ = {
			isa = PBXGroup;
			children = (
				3885C8F01BE8E96A009441EA /* .gitignore */,
				3885C8F11BE8E96A009441EA /* LICENSE */,
				3885C8F21BE8E96A009441EA /* PSCollectionView.h */,
				3885C8F31BE8E96A009441EA /* PSCollectionView.m */,
				3885C8F41BE8E96A009441EA /* PSCollectionViewCell.h */,
				3885C8F51BE8E96A009441EA /* PSCollectionViewCell.m */,
				3885C8F61BE8E96A009441EA /* README.md */,
			);
			path = "PSCollectionView-master";
			sourceTree = "<group>";
		};
		3886C08A1BD748830014E661 = {
			isa = PBXGroup;
			children = (
				3886C0951BD748830014E661 /* BaseProject */,
				3886C0941BD748830014E661 /* Products */,
				DEB62B47C560AA65E07ECFA4 /* Pods */,
				FA3445AEA3874C1D4FE61EAF /* Frameworks */,
			);
			sourceTree = "<group>";
		};
		3886C0941BD748830014E661 /* Products */ = {
			isa = PBXGroup;
			children = (
				3886C0931BD748830014E661 /* BaseProject.app */,
			);
			name = Products;
			sourceTree = "<group>";
		};
		3886C0951BD748830014E661 /* BaseProject */ = {
			isa = PBXGroup;
			children = (
				3886C0AF1BD74A4A0014E661 /* Define */,
				3886C0B01BD74A4A0014E661 /* Model */,
				3886C0B11BD74A4A0014E661 /* NetManager */,
				3886C0B21BD74A4A0014E661 /* Resource */,
				3886C0B31BD74A4A0014E661 /* Util */,
				3886C0B41BD74A4A0014E661 /* Vendor */,
				3886C0B51BD74A4A0014E661 /* View */,
				3886C0B61BD74A4A0014E661 /* ViewController */,
				3886C0B71BD74A4A0014E661 /* ViewModel */,
				3886C0991BD748830014E661 /* AppDelegate.h */,
				3886C09A1BD748830014E661 /* AppDelegate.m */,
				3886C0961BD748830014E661 /* Supporting Files */,
			);
			path = BaseProject;
			sourceTree = "<group>";
		};
		3886C0961BD748830014E661 /* Supporting Files */ = {
			isa = PBXGroup;
			children = (
				3886C0A71BD748830014E661 /* Info.plist */,
				3886C0971BD748830014E661 /* main.m */,
			);
			name = "Supporting Files";
			sourceTree = "<group>";
		};
		3886C0AF1BD74A4A0014E661 /* Define */ = {
			isa = PBXGroup;
			children = (
				3886C0C21BD74B430014E661 /* Constants.h */,
			);
			path = Define;
			sourceTree = "<group>";
		};
		3886C0B01BD74A4A0014E661 /* Model */ = {
			isa = PBXGroup;
			children = (
				A0CEE7601BEB047A002F5DDC /* 多玩 */,
				A0CEE7861BEB047A002F5DDC /* 兔玩 */,
				A0CEE7891BEB047A002F5DDC /* 喜马拉雅 */,
				3886C0BF1BD74B090014E661 /* BaseModel.h */,
				3886C0C01BD74B090014E661 /* BaseModel.m */,
			);
			path = Model;
			sourceTree = "<group>";
		};
		3886C0B11BD74A4A0014E661 /* NetManager */ = {
			isa = PBXGroup;
			children = (
				A0CEE7A31BEB04AB002F5DDC /* DuoWanNetManager.h */,
				A0CEE7A41BEB04AB002F5DDC /* DuoWanNetManager.m */,
				A0CEE7A51BEB04AB002F5DDC /* TuWanNetManager.h */,
				A0CEE7A61BEB04AB002F5DDC /* TuWanNetManager.m */,
				A0CEE7A71BEB04AB002F5DDC /* XiMaLaYaNetManager.h */,
				A0CEE7A81BEB04AB002F5DDC /* XiMaLaYaNetManager.m */,
				3886C0BC1BD74AFE0014E661 /* BaseNetManager.h */,
				3886C0BD1BD74AFE0014E661 /* BaseNetManager.m */,
			);
			path = NetManager;
			sourceTree = "<group>";
		};
		3886C0B21BD74A4A0014E661 /* Resource */ = {
			isa = PBXGroup;
			children = (
				3886C0A21BD748830014E661 /* Assets.xcassets */,
				3886C0AD1BD749A00014E661 /* LaunchScreen.xib */,
				3886C09F1BD748830014E661 /* Main.storyboard */,
				3886C0B81BD74A700014E661 /* PrefixHeader.pch */,
			);
			path = Resource;
			sourceTree = "<group>";
		};
		3886C0B31BD74A4A0014E661 /* Util */ = {
			isa = PBXGroup;
			children = (
				3804CE481BD758F10046C8C8 /* Category */,
				A0CEE7C31BEB442D002F5DDC /* Factory.h */,
				A0CEE7C41BEB442D002F5DDC /* Factory.m */,
			);
			path = Util;
			sourceTree = "<group>";
		};
		3886C0B41BD74A4A0014E661 /* Vendor */ = {
			isa = PBXGroup;
			children = (
				3885C8EF1BE8E96A009441EA /* PSCollectionView-master */,
				3885C89E1BE8E8FB009441EA /* umeng_ios_social_sdk_4.2-2.5_arm64_custom */,
				3885C8991BE8E8E8009441EA /* UMAnalytics_Sdk_3.6.4 */,
				3885C8951BE8E88D009441EA /* iCarousel */,
			);
			path = Vendor;
			sourceTree = "<group>";
		};
		3886C0B51BD74A4A0014E661 /* View */ = {
			isa = PBXGroup;
			children = (
				A05410F61BEC36FE00F62931 /* 多玩 */,
				A05410F71BEC36FE00F62931 /* 兔玩游戏 */,
				A05410F81BEC36FE00F62931 /* 喜马拉雅 */,
			);
			path = View;
			sourceTree = "<group>";
		};
		3886C0B61BD74A4A0014E661 /* ViewController */ = {
			isa = PBXGroup;
			children = (
				A0CEE7AC1BEB056D002F5DDC /* 多玩盒子 */,
				A0CEE7AD1BEB056D002F5DDC /* 兔玩游戏 */,
				A0CEE7AE1BEB056D002F5DDC /* 我的信息 */,
				A0CEE7AF1BEB056D002F5DDC /* 喜马拉雅 */,
				A0CEE7C01BEB0763002F5DDC /* LeftViewController.h */,
				A0CEE7C11BEB0763002F5DDC /* LeftViewController.m */,
			);
			path = ViewController;
			sourceTree = "<group>";
		};
		3886C0B71BD74A4A0014E661 /* ViewModel */ = {
			isa = PBXGroup;
			children = (
				A0CEE7B01BEB05C5002F5DDC /* 多玩盒子 */,
				A0CEE7B11BEB05C5002F5DDC /* 兔玩游戏 */,
				A0CEE7B21BEB05C5002F5DDC /* 我的信息 */,
				A0CEE7B31BEB05C5002F5DDC /* 喜马拉雅 */,
				3886C0B91BD74AE90014E661 /* BaseViewModel.h */,
				3886C0BA1BD74AE90014E661 /* BaseViewModel.m */,
			);
			path = ViewModel;
			sourceTree = "<group>";
		};
		A05410F61BEC36FE00F62931 /* 多玩 */ = {
			isa = PBXGroup;
			children = (
			);
			path = "多玩";
			sourceTree = "<group>";
		};
		A05410F71BEC36FE00F62931 /* 兔玩游戏 */ = {
			isa = PBXGroup;
			children = (
				A05410F91BEC371300F62931 /* TuWanListCell.h */,
				A05410FA1BEC371300F62931 /* TuWanListCell.m */,
				A05410FC1BEC416B00F62931 /* TuWanImageCell.h */,
				A05410FD1BEC416B00F62931 /* TuWanImageCell.m */,
				A05410FF1BEC7CE400F62931 /* TuWanImageView.h */,
				A05411001BEC7CE400F62931 /* TuWanImageView.m */,
			);
			path = "兔玩游戏";
			sourceTree = "<group>";
		};
		A05410F81BEC36FE00F62931 /* 喜马拉雅 */ = {
			isa = PBXGroup;
			children = (
				A0686F011BF0496200E810B6 /* XiMaLaYaCategoryCell.h */,
				A0686F021BF0496200E810B6 /* XiMaLaYaCategoryCell.m */,
				A0BF909C1BF19484006883BC /* MusicDetailCell.h */,
				A0BF909D1BF19484006883BC /* MusicDetailCell.m */,
				A0769A151BF1DF5B00C0CFAE /* PlayView.h */,
				A0769A161BF1DF5B00C0CFAE /* PlayView.m */,
			);
			path = "喜马拉雅";
			sourceTree = "<group>";
		};
		A0CEE7601BEB047A002F5DDC /* 多玩 */ = {
			isa = PBXGroup;
			children = (
				A0CEE7611BEB047A002F5DDC /* DuoWanAllHeroesModel.h */,
				A0CEE7621BEB047A002F5DDC /* DuoWanAllHeroesModel.m */,
				A0CEE7631BEB047A002F5DDC /* DuoWanFreeHeroesModel.h */,
				A0CEE7641BEB047A002F5DDC /* DuoWanFreeHeroesModel.m */,
				A0CEE7651BEB047A002F5DDC /* DuoWanGiftModel.h */,
				A0CEE7661BEB047A002F5DDC /* DuoWanGiftModel.m */,
				A0CEE7671BEB047A002F5DDC /* DuoWanHeroBestGroupModel.h */,
				A0CEE7681BEB047A002F5DDC /* DuoWanHeroBestGroupModel.m */,
				A0CEE7691BEB047A002F5DDC /* DuoWanHeroChangeModel.h */,
				A0CEE76A1BEB047A002F5DDC /* DuoWanHeroChangeModel.m */,
				A0CEE76B1BEB047A002F5DDC /* DuoWanHeroDetailModel.h */,
				A0CEE76C1BEB047A002F5DDC /* DuoWanHeroDetailModel.m */,
				A0CEE76D1BEB047A002F5DDC /* DuoWanHeroSkinModel.h */,
				A0CEE76E1BEB047A002F5DDC /* DuoWanHeroSkinModel.m */,
				A0CEE76F1BEB047A002F5DDC /* DuoWanHeroSoundModel.h */,
				A0CEE7701BEB047A002F5DDC /* DuoWanHeroSoundModel.m */,
				A0CEE7711BEB047A002F5DDC /* DuoWanHeroSuggestedGiftAndRunModel.h */,
				A0CEE7721BEB047A002F5DDC /* DuoWanHeroSuggestedGiftAndRunModel.m */,
				A0CEE7731BEB047A002F5DDC /* DuoWanHeroWeekModel.h */,
				A0CEE7741BEB047A002F5DDC /* DuoWanHeroWeekModel.m */,
				A0CEE7751BEB047A002F5DDC /* DuoWanItemDetailModel.h */,
				A0CEE7761BEB047A002F5DDC /* DuoWanItemDetailModel.m */,
				A0CEE7771BEB047A002F5DDC /* DuoWanLolczModel.h */,
				A0CEE7781BEB047A002F5DDC /* DuoWanLolczModel.m */,
				A0CEE7791BEB047A002F5DDC /* DuoWanModel.h */,
				A0CEE77A1BEB047A002F5DDC /* DuoWanRunesModel.h */,
				A0CEE77B1BEB047A002F5DDC /* DuoWanRunesModel.m */,
				A0CEE77C1BEB047A002F5DDC /* DuoWanSumAbilityModel.h */,
				A0CEE77D1BEB047A002F5DDC /* DuoWanSumAbilityModel.m */,
				A0CEE77E1BEB047A002F5DDC /* DuoWanToolMenuModel.h */,
				A0CEE77F1BEB047A002F5DDC /* DuoWanToolMenuModel.m */,
				A0CEE7801BEB047A002F5DDC /* DuoWanVideoesNormalModel.h */,
				A0CEE7811BEB047A002F5DDC /* DuoWanVideoesNormalModel.m */,
				A0CEE7821BEB047A002F5DDC /* DuoWanZBCategoryModel.h */,
				A0CEE7831BEB047A002F5DDC /* DuoWanZBCategoryModel.m */,
				A0CEE7841BEB047A002F5DDC /* DuoWanZBItemListModel.h */,
				A0CEE7851BEB047A002F5DDC /* DuoWanZBItemListModel.m */,
			);
			path = "多玩";
			sourceTree = "<group>";
		};
		A0CEE7861BEB047A002F5DDC /* 兔玩 */ = {
			isa = PBXGroup;
			children = (
				A0686EF81BF02A9400E810B6 /* TuWanPicModel.h */,
				A0686EF91BF02A9400E810B6 /* TuWanPicModel.m */,
				A0686EFA1BF02A9400E810B6 /* TuWanVideoModel.h */,
				A0686EFB1BF02A9400E810B6 /* TuWanVideoModel.m */,
				A0CEE7871BEB047A002F5DDC /* TuWanModel.h */,
				A0CEE7881BEB047A002F5DDC /* TuWanModel.m */,
			);
			path = "兔玩";
			sourceTree = "<group>";
		};
		A0CEE7891BEB047A002F5DDC /* 喜马拉雅 */ = {
			isa = PBXGroup;
			children = (
				A0CEE78A1BEB047A002F5DDC /* XiMaLaYaAlbumModel.h */,
				A0CEE78B1BEB047A002F5DDC /* XiMaLaYaAlbumModel.m */,
				A0CEE78C1BEB047A002F5DDC /* XiMaLaYaRankingListModel.h */,
				A0CEE78D1BEB047A002F5DDC /* XiMaLaYaRankingListModel.m */,
			);
			path = "喜马拉雅";
			sourceTree = "<group>";
		};
		A0CEE7AC1BEB056D002F5DDC /* 多玩盒子 */ = {
			isa = PBXGroup;
			children = (
				A0CEE7B41BEB0667002F5DDC /* DuoWanTabBarController.h */,
				A0CEE7B51BEB0667002F5DDC /* DuoWanTabBarController.m */,
				A0E2D5E91BF2CDEE0023577F /* DuoWanHeroViewController.h */,
				A0E2D5EA1BF2CDEE0023577F /* DuoWanHeroViewController.m */,
				A0E2D5EC1BF2CE1F0023577F /* DuoWanBaiKeViewController.h */,
				A0E2D5ED1BF2CE1F0023577F /* DuoWanBaiKeViewController.m */,
				A0E2D5EF1BF2CE4C0023577F /* DuoWanSearchViewController.h */,
				A0E2D5F01BF2CE4C0023577F /* DuoWanSearchViewController.m */,
				A0E2D5F21BF2D8D60023577F /* DuoWanSearchDetailViewController.h */,
				A0E2D5F31BF2D8D60023577F /* DuoWanSearchDetailViewController.m */,
			);
			path = "多玩盒子";
			sourceTree = "<group>";
		};
		A0CEE7AD1BEB056D002F5DDC /* 兔玩游戏 */ = {
			isa = PBXGroup;
			children = (
				A0CEE7B71BEB06CD002F5DDC /* TuWanViewController.h */,
				A0CEE7B81BEB06CD002F5DDC /* TuWanViewController.m */,
				A05410F21BEC365D00F62931 /* TuWanListViewController.h */,
				A05410F31BEC365D00F62931 /* TuWanListViewController.m */,
				A05411021BEC95E900F62931 /* TuWanHtml5ViewController.h */,
				A05411031BEC95E900F62931 /* TuWanHtml5ViewController.m */,
				A0686EFE1BF02EA100E810B6 /* TuWanPicViewController.h */,
				A0686EFF1BF02EA100E810B6 /* TuWanPicViewController.m */,
			);
			path = "兔玩游戏";
			sourceTree = "<group>";
		};
		A0CEE7AE1BEB056D002F5DDC /* 我的信息 */ = {
			isa = PBXGroup;
			children = (
				A0CEE7BA1BEB06F3002F5DDC /* MyInfoViewController.h */,
				A0CEE7BB1BEB06F3002F5DDC /* MyInfoViewController.m */,
			);
			path = "我的信息";
			sourceTree = "<group>";
		};
		A0CEE7AF1BEB056D002F5DDC /* 喜马拉雅 */ = {
			isa = PBXGroup;
			children = (
				A0CEE7BD1BEB0722002F5DDC /* RankListViewController.h */,
				A0CEE7BE1BEB0722002F5DDC /* RankListViewController.m */,
				A0BF90A21BF1CB86006883BC /* MusicListViewController.h */,
				A0BF90A31BF1CB86006883BC /* MusicListViewController.m */,
			);
			path = "喜马拉雅";
			sourceTree = "<group>";
		};
		A0CEE7B01BEB05C5002F5DDC /* 多玩盒子 */ = {
			isa = PBXGroup;
			children = (
				A0E2D5F51BF2E6B20023577F /* DuoWanToolMenuViewModel.h */,
				A0E2D5F61BF2E6B20023577F /* DuoWanToolMenuViewModel.m */,
			);
			path = "多玩盒子";
			sourceTree = "<group>";
		};
		A0CEE7B11BEB05C5002F5DDC /* 兔玩游戏 */ = {
			isa = PBXGroup;
			children = (
				A0CEE7C61BEB4726002F5DDC /* TuWanViewModel.h */,
				A0CEE7C71BEB4726002F5DDC /* TuWanViewModel.m */,
				A0686EF51BF029CD00E810B6 /* TuWanPicViewModel.h */,
				A0686EF61BF029CD00E810B6 /* TuWanPicViewModel.m */,
			);
			path = "兔玩游戏";
			sourceTree = "<group>";
		};
		A0CEE7B21BEB05C5002F5DDC /* 我的信息 */ = {
			isa = PBXGroup;
			children = (
			);
			path = "我的信息";
			sourceTree = "<group>";
		};
		A0CEE7B31BEB05C5002F5DDC /* 喜马拉雅 */ = {
			isa = PBXGroup;
			children = (
				A0BF909F1BF1C081006883BC /* XiMaLaYaAlbumViewModel.h */,
				A0BF90A01BF1C081006883BC /* XiMaLaYaAlbumViewModel.m */,
				A08058671BF072960013862F /* XiMaLaYaCategoryViewModel.h */,
				A08058681BF072960013862F /* XiMaLaYaCategoryViewModel.m */,
			);
			path = "喜马拉雅";
			sourceTree = "<group>";
		};
		DEB62B47C560AA65E07ECFA4 /* Pods */ = {
			isa = PBXGroup;
			children = (
				4329DABFE5AD654FE71597C9 /* Pods-BaseProject.debug.xcconfig */,
				DD4F0750B5DAAA87BA236B31 /* Pods-BaseProject.release.xcconfig */,
			);
			name = Pods;
			sourceTree = "<group>";
		};
		FA3445AEA3874C1D4FE61EAF /* Frameworks */ = {
			isa = PBXGroup;
			children = (
				A0769A131BF1DF1300C0CFAE /* AVFoundation.framework */,
				3885C90A1BE8EA70009441EA /* libz.tbd */,
				3885C9081BE8EA6A009441EA /* libstdc++.tbd */,
				3885C9061BE8EA62009441EA /* CoreTelephony.framework */,
				3885C9041BE8EA5C009441EA /* libsqlite3.tbd */,
				3885C9021BE8EA54009441EA /* CoreGraphics.framework */,
				3885C9001BE8EA4E009441EA /* libiconv.tbd */,
				3885C8FE1BE8EA46009441EA /* Security.framework */,
				3885C8FC1BE8EA26009441EA /* SystemConfiguration.framework */,
				3879FE801BDFA8E100A99990 /* libsqlite3.0.tbd */,
				5EAAD623A23724C816F8DC02 /* libPods-BaseProject.a */,
			);
			name = Frameworks;
			sourceTree = "<group>";
		};
/* End PBXGroup section */

/* Begin PBXNativeTarget section */
		3886C0921BD748830014E661 /* BaseProject */ = {
			isa = PBXNativeTarget;
			buildConfigurationList = 3886C0AA1BD748830014E661 /* Build configuration list for PBXNativeTarget "BaseProject" */;
			buildPhases = (
				3BE2C1445115A065F15F14E8 /* Check Pods Manifest.lock */,
				3886C08F1BD748830014E661 /* Sources */,
				3886C0901BD748830014E661 /* Frameworks */,
				3886C0911BD748830014E661 /* Resources */,
				430C310E2266957577983B35 /* Embed Pods Frameworks */,
				D8E8828545C9BEB50A74CA11 /* Copy Pods Resources */,
			);
			buildRules = (
			);
			dependencies = (
			);
			name = BaseProject;
			productName = BaseProject;
			productReference = 3886C0931BD748830014E661 /* BaseProject.app */;
			productType = "com.apple.product-type.application";
		};
/* End PBXNativeTarget section */

/* Begin PBXProject section */
		3886C08B1BD748830014E661 /* Project object */ = {
			isa = PBXProject;
			attributes = {
				LastUpgradeCheck = 0700;
				ORGANIZATIONNAME = Tarena;
				TargetAttributes = {
					3886C0921BD748830014E661 = {
						CreatedOnToolsVersion = 7.0;
						DevelopmentTeam = BN33Z2JK3G;
					};
				};
			};
			buildConfigurationList = 3886C08E1BD748830014E661 /* Build configuration list for PBXProject "BaseProject" */;
			compatibilityVersion = "Xcode 3.2";
			developmentRegion = English;
			hasScannedForEncodings = 0;
			knownRegions = (
				en,
				Base,
				"zh-Hans",
			);
			mainGroup = 3886C08A1BD748830014E661;
			productRefGroup = 3886C0941BD748830014E661 /* Products */;
			projectDirPath = "";
			projectRoot = "";
			targets = (
				3886C0921BD748830014E661 /* BaseProject */,
			);
		};
/* End PBXProject section */

/* Begin PBXResourcesBuildPhase section */
		3886C0911BD748830014E661 /* Resources */ = {
			isa = PBXResourcesBuildPhase;
			buildActionMask = 2147483647;
			files = (
				3885C8E91BE8E8FB009441EA /* ios-social-sdk-login-quick.html in Resources */,
				3885C8D81BE8E8FB009441EA /* UMShareEditViewController.xib in Resources */,
				3885C8D61BE8E8FB009441EA /* UMSCommentInputController.xib in Resources */,
				3885C8E51BE8E8FB009441EA /* ios-social-sdk-comment-detail.html in Resources */,
				3886C0A31BD748830014E661 /* Assets.xcassets in Resources */,
				3885C8EB1BE8E8FB009441EA /* ios-social-sdk-share-detail.html in Resources */,
				3885C8EC1BE8E8FB009441EA /* ios-social-sdk-share-quick.html in Resources */,
				3885C8F71BE8E96A009441EA /* .gitignore in Resources */,
				3885C8D51BE8E8FB009441EA /* UMSCommentDetailController.xib in Resources */,
				3885C8E01BE8E8FB009441EA /* TencentOpenApi_IOS_Bundle.bundle in Resources */,
				3885C8F81BE8E96A009441EA /* LICENSE in Resources */,
				3885C8EA1BE8E8FB009441EA /* ios-social-sdk-shake.html in Resources */,
				3885C8E41BE8E8FB009441EA /* iOS-social-releasenote.html in Resources */,
				3885C8DA1BE8E8FB009441EA /* UMSLoginViewController.xib in Resources */,
				3885C8E31BE8E8FB009441EA /* iOS-social-analytics-releasenote.html in Resources */,
				3885C8D71BE8E8FB009441EA /* UMSCommentInputControlleriPad.xib in Resources */,
				3885C8D91BE8E8FB009441EA /* UMShareEditViewControlleriPad.xib in Resources */,
				3886C0AE1BD749A00014E661 /* LaunchScreen.xib in Resources */,
				3885C8EE1BE8E8FB009441EA /* markdown.css in Resources */,
				3885C8E61BE8E8FB009441EA /* ios-social-sdk-comment-quick.html in Resources */,
				3885C8D31BE8E8FB009441EA /* UMSocialLocalizable.strings in Resources */,
				3886C0A11BD748830014E661 /* Main.storyboard in Resources */,
				3885C8DB1BE8E8FB009441EA /* UMSnsAccountViewController.xib in Resources */,
				3885C8DC1BE8E8FB009441EA /* UMSShareListController.xib in Resources */,
				3885C8DD1BE8E8FB009441EA /* UMSocialSDKResourcesNew.bundle in Resources */,
				3885C8ED1BE8E8FB009441EA /* ios-social-sdk-socialbar.html in Resources */,
				3885C8E81BE8E8FB009441EA /* ios-social-sdk-login-detail.html in Resources */,
				3885C8E71BE8E8FB009441EA /* ios-social-sdk-like.html in Resources */,
			);
			runOnlyForDeploymentPostprocessing = 0;
		};
/* End PBXResourcesBuildPhase section */

/* Begin PBXShellScriptBuildPhase section */
		3BE2C1445115A065F15F14E8 /* Check Pods Manifest.lock */ = {
			isa = PBXShellScriptBuildPhase;
			buildActionMask = 2147483647;
			files = (
			);
			inputPaths = (
			);
			name = "Check Pods Manifest.lock";
			outputPaths = (
			);
			runOnlyForDeploymentPostprocessing = 0;
			shellPath = /bin/sh;
			shellScript = "diff \"${PODS_ROOT}/../Podfile.lock\" \"${PODS_ROOT}/Manifest.lock\" > /dev/null\nif [[ $? != 0 ]] ; then\n    cat << EOM\nerror: The sandbox is not in sync with the Podfile.lock. Run 'pod install' or update your CocoaPods installation.\nEOM\n    exit 1\nfi\n";
			showEnvVarsInLog = 0;
		};
		430C310E2266957577983B35 /* Embed Pods Frameworks */ = {
			isa = PBXShellScriptBuildPhase;
			buildActionMask = 2147483647;
			files = (
			);
			inputPaths = (
			);
			name = "Embed Pods Frameworks";
			outputPaths = (
			);
			runOnlyForDeploymentPostprocessing = 0;
			shellPath = /bin/sh;
			shellScript = "\"${SRCROOT}/Pods/Target Support Files/Pods-BaseProject/Pods-BaseProject-frameworks.sh\"\n";
			showEnvVarsInLog = 0;
		};
		D8E8828545C9BEB50A74CA11 /* Copy Pods Resources */ = {
			isa = PBXShellScriptBuildPhase;
			buildActionMask = 2147483647;
			files = (
			);
			inputPaths = (
			);
			name = "Copy Pods Resources";
			outputPaths = (
			);
			runOnlyForDeploymentPostprocessing = 0;
			shellPath = /bin/sh;
			shellScript = "\"${SRCROOT}/Pods/Target Support Files/Pods-BaseProject/Pods-BaseProject-resources.sh\"\n";
			showEnvVarsInLog = 0;
		};
/* End PBXShellScriptBuildPhase section */

/* Begin PBXSourcesBuildPhase section */
		3886C08F1BD748830014E661 /* Sources */ = {
			isa = PBXSourcesBuildPhase;
			buildActionMask = 2147483647;
			files = (
				A0E2D5F11BF2CE4C0023577F /* DuoWanSearchViewController.m in Sources */,
				A0E2D5F71BF2E6B20023577F /* DuoWanToolMenuViewModel.m in Sources */,
				A05410FE1BEC416B00F62931 /* TuWanImageCell.m in Sources */,
				A0686F001BF02EA100E810B6 /* TuWanPicViewController.m in Sources */,
				A0CEE7991BEB047A002F5DDC /* DuoWanLolczModel.m in Sources */,
				A0CEE7C51BEB442D002F5DDC /* Factory.m in Sources */,
				3886C0BE1BD74AFE0014E661 /* BaseNetManager.m in Sources */,
				A05410F41BEC365D00F62931 /* TuWanListViewController.m in Sources */,
				A0CEE7BF1BEB0722002F5DDC /* RankListViewController.m in Sources */,
				A0CEE7BC1BEB06F3002F5DDC /* MyInfoViewController.m in Sources */,
				A0E2D5EB1BF2CDEE0023577F /* DuoWanHeroViewController.m in Sources */,
				A0CEE7941BEB047A002F5DDC /* DuoWanHeroSkinModel.m in Sources */,
				A08058691BF072960013862F /* XiMaLaYaCategoryViewModel.m in Sources */,
				A05411011BEC7CE400F62931 /* TuWanImageView.m in Sources */,
				3804CE541BD758F10046C8C8 /* NSString+QRCode.m in Sources */,
				A0BF90A41BF1CB86006883BC /* MusicListViewController.m in Sources */,
				A0686F031BF0496200E810B6 /* XiMaLaYaCategoryCell.m in Sources */,
				A0CEE79D1BEB047A002F5DDC /* DuoWanVideoesNormalModel.m in Sources */,
				A0CEE7A01BEB047A002F5DDC /* TuWanModel.m in Sources */,
				A0CEE79B1BEB047A002F5DDC /* DuoWanSumAbilityModel.m in Sources */,
				A0BF909E1BF19484006883BC /* MusicDetailCell.m in Sources */,
				A0CEE7AB1BEB04AB002F5DDC /* XiMaLaYaNetManager.m in Sources */,
				3885C8FA1BE8E96A009441EA /* PSCollectionViewCell.m in Sources */,
				A0CEE7B91BEB06CD002F5DDC /* TuWanViewController.m in Sources */,
				3804CE531BD758F10046C8C8 /* NSString+PJR.m in Sources */,
				A0CEE7961BEB047A002F5DDC /* DuoWanHeroSuggestedGiftAndRunModel.m in Sources */,
				A0BF90A11BF1C081006883BC /* XiMaLaYaAlbumViewModel.m in Sources */,
				A0769A171BF1DF5B00C0CFAE /* PlayView.m in Sources */,
				A0CEE7951BEB047A002F5DDC /* DuoWanHeroSoundModel.m in Sources */,
				A0686EFD1BF02A9400E810B6 /* TuWanVideoModel.m in Sources */,
				A0686EFC1BF02A9400E810B6 /* TuWanPicModel.m in Sources */,
				3885C8F91BE8E96A009441EA /* PSCollectionView.m in Sources */,
				3886C09B1BD748830014E661 /* AppDelegate.m in Sources */,
				A0686EF71BF029CD00E810B6 /* TuWanPicViewModel.m in Sources */,
				A05410FB1BEC371300F62931 /* TuWanListCell.m in Sources */,
				A0CEE7971BEB047A002F5DDC /* DuoWanHeroWeekModel.m in Sources */,
				A0CEE7931BEB047A002F5DDC /* DuoWanHeroDetailModel.m in Sources */,
				3885C8981BE8E88D009441EA /* iCarousel.m in Sources */,
				A0CEE7911BEB047A002F5DDC /* DuoWanHeroBestGroupModel.m in Sources */,
				3804CE511BD758F10046C8C8 /* AppDelegate+Category.m in Sources */,
				A0E2D5F41BF2D8D60023577F /* DuoWanSearchDetailViewController.m in Sources */,
				A0CEE78F1BEB047A002F5DDC /* DuoWanFreeHeroesModel.m in Sources */,
				3886C0BB1BD74AE90014E661 /* BaseViewModel.m in Sources */,
				A0CEE79A1BEB047A002F5DDC /* DuoWanRunesModel.m in Sources */,
				3885C8FB1BE8E96A009441EA /* README.md in Sources */,
				A0CEE7A11BEB047A002F5DDC /* XiMaLaYaAlbumModel.m in Sources */,
				A0E2D5EE1BF2CE1F0023577F /* DuoWanBaiKeViewController.m in Sources */,
				3886C0C11BD74B090014E661 /* BaseModel.m in Sources */,
				A0CEE7901BEB047A002F5DDC /* DuoWanGiftModel.m in Sources */,
				A0CEE7C81BEB4726002F5DDC /* TuWanViewModel.m in Sources */,
				A0CEE79F1BEB047A002F5DDC /* DuoWanZBItemListModel.m in Sources */,
				A0CEE79C1BEB047A002F5DDC /* DuoWanToolMenuModel.m in Sources */,
				3886C0981BD748830014E661 /* main.m in Sources */,
				A05411041BEC95E900F62931 /* TuWanHtml5ViewController.m in Sources */,
				A0CEE7AA1BEB04AB002F5DDC /* TuWanNetManager.m in Sources */,
				A0CEE7A21BEB047A002F5DDC /* XiMaLaYaRankingListModel.m in Sources */,
				A0CEE79E1BEB047A002F5DDC /* DuoWanZBCategoryModel.m in Sources */,
				A0CEE78E1BEB047A002F5DDC /* DuoWanAllHeroesModel.m in Sources */,
				A0CEE7921BEB047A002F5DDC /* DuoWanHeroChangeModel.m in Sources */,
				A0CEE7A91BEB04AB002F5DDC /* DuoWanNetManager.m in Sources */,
				A0CEE7B61BEB0667002F5DDC /* DuoWanTabBarController.m in Sources */,
				A0CEE7C21BEB0763002F5DDC /* LeftViewController.m in Sources */,
				A0CEE7981BEB047A002F5DDC /* DuoWanItemDetailModel.m in Sources */,
				3804CE521BD758F10046C8C8 /* NSObject+Common.m in Sources */,
			);
			runOnlyForDeploymentPostprocessing = 0;
		};
/* End PBXSourcesBuildPhase section */

/* Begin PBXVariantGroup section */
		3885C8A01BE8E8FB009441EA /* UMSocialLocalizable.strings */ = {
			isa = PBXVariantGroup;
			children = (
				3885C8A11BE8E8FB009441EA /* en */,
				3885C8B91BE8E8FB009441EA /* zh-Hans */,
			);
			name = UMSocialLocalizable.strings;
			sourceTree = "<group>";
		};
		3886C09F1BD748830014E661 /* Main.storyboard */ = {
			isa = PBXVariantGroup;
			children = (
				3886C0A01BD748830014E661 /* Base */,
				3879FE9D1BDFDD2400A99990 /* zh-Hans */,
			);
			name = Main.storyboard;
			path = ..;
			sourceTree = "<group>";
		};
/* End PBXVariantGroup section */

/* Begin XCBuildConfiguration section */
		3886C0A81BD748830014E661 /* Debug */ = {
			isa = XCBuildConfiguration;
			buildSettings = {
				ALWAYS_SEARCH_USER_PATHS = NO;
				CLANG_CXX_LANGUAGE_STANDARD = "gnu++0x";
				CLANG_CXX_LIBRARY = "libc++";
				CLANG_ENABLE_MODULES = YES;
				CLANG_ENABLE_OBJC_ARC = YES;
				CLANG_WARN_BOOL_CONVERSION = YES;
				CLANG_WARN_CONSTANT_CONVERSION = YES;
				CLANG_WARN_DIRECT_OBJC_ISA_USAGE = YES_ERROR;
				CLANG_WARN_EMPTY_BODY = YES;
				CLANG_WARN_ENUM_CONVERSION = YES;
				CLANG_WARN_INT_CONVERSION = YES;
				CLANG_WARN_OBJC_ROOT_CLASS = YES_ERROR;
				CLANG_WARN_UNREACHABLE_CODE = YES;
				CLANG_WARN__DUPLICATE_METHOD_MATCH = YES;
				"CODE_SIGN_IDENTITY[sdk=iphoneos*]" = "iPhone Developer";
				COPY_PHASE_STRIP = NO;
				DEBUG_INFORMATION_FORMAT = dwarf;
				ENABLE_STRICT_OBJC_MSGSEND = YES;
				ENABLE_TESTABILITY = YES;
				GCC_C_LANGUAGE_STANDARD = gnu99;
				GCC_DYNAMIC_NO_PIC = NO;
				GCC_NO_COMMON_BLOCKS = YES;
				GCC_OPTIMIZATION_LEVEL = 0;
				GCC_PREPROCESSOR_DEFINITIONS = (
					"DEBUG=1",
					"$(inherited)",
				);
				GCC_WARN_64_TO_32_BIT_CONVERSION = YES;
				GCC_WARN_ABOUT_RETURN_TYPE = YES_ERROR;
				GCC_WARN_UNDECLARED_SELECTOR = YES;
				GCC_WARN_UNINITIALIZED_AUTOS = YES_AGGRESSIVE;
				GCC_WARN_UNUSED_FUNCTION = YES;
				GCC_WARN_UNUSED_VARIABLE = YES;
				IPHONEOS_DEPLOYMENT_TARGET = 9.0;
				MTL_ENABLE_DEBUG_INFO = YES;
				ONLY_ACTIVE_ARCH = YES;
				SDKROOT = iphoneos;
			};
			name = Debug;
		};
		3886C0A91BD748830014E661 /* Release */ = {
			isa = XCBuildConfiguration;
			buildSettings = {
				ALWAYS_SEARCH_USER_PATHS = NO;
				CLANG_CXX_LANGUAGE_STANDARD = "gnu++0x";
				CLANG_CXX_LIBRARY = "libc++";
				CLANG_ENABLE_MODULES = YES;
				CLANG_ENABLE_OBJC_ARC = YES;
				CLANG_WARN_BOOL_CONVERSION = YES;
				CLANG_WARN_CONSTANT_CONVERSION = YES;
				CLANG_WARN_DIRECT_OBJC_ISA_USAGE = YES_ERROR;
				CLANG_WARN_EMPTY_BODY = YES;
				CLANG_WARN_ENUM_CONVERSION = YES;
				CLANG_WARN_INT_CONVERSION = YES;
				CLANG_WARN_OBJC_ROOT_CLASS = YES_ERROR;
				CLANG_WARN_UNREACHABLE_CODE = YES;
				CLANG_WARN__DUPLICATE_METHOD_MATCH = YES;
				"CODE_SIGN_IDENTITY[sdk=iphoneos*]" = "iPhone Developer";
				COPY_PHASE_STRIP = NO;
				DEBUG_INFORMATION_FORMAT = "dwarf-with-dsym";
				ENABLE_NS_ASSERTIONS = NO;
				ENABLE_STRICT_OBJC_MSGSEND = YES;
				GCC_C_LANGUAGE_STANDARD = gnu99;
				GCC_NO_COMMON_BLOCKS = YES;
				GCC_WARN_64_TO_32_BIT_CONVERSION = YES;
				GCC_WARN_ABOUT_RETURN_TYPE = YES_ERROR;
				GCC_WARN_UNDECLARED_SELECTOR = YES;
				GCC_WARN_UNINITIALIZED_AUTOS = YES_AGGRESSIVE;
				GCC_WARN_UNUSED_FUNCTION = YES;
				GCC_WARN_UNUSED_VARIABLE = YES;
				IPHONEOS_DEPLOYMENT_TARGET = 9.0;
				MTL_ENABLE_DEBUG_INFO = NO;
				SDKROOT = iphoneos;
				VALIDATE_PRODUCT = YES;
			};
			name = Release;
		};
		3886C0AB1BD748830014E661 /* Debug */ = {
			isa = XCBuildConfiguration;
			baseConfigurationReference = 4329DABFE5AD654FE71597C9 /* Pods-BaseProject.debug.xcconfig */;
			buildSettings = {
				ASSETCATALOG_COMPILER_APPICON_NAME = AppIcon;
				ASSETCATALOG_COMPILER_LAUNCHIMAGE_NAME = "Brand Assets";
				CODE_SIGN_IDENTITY = "iPhone Developer";
				ENABLE_BITCODE = NO;
				FRAMEWORK_SEARCH_PATHS = (
					"$(inherited)",
					"$(PROJECT_DIR)/BaseProject/Vendor/umeng_ios_social_sdk_4.2-2.5_arm64_custom/UMSocial_Sdk_Extra_Frameworks/TencentOpenAPI",
				);
				GCC_PREFIX_HEADER = BaseProject/Resource/PrefixHeader.pch;
				INFOPLIST_FILE = BaseProject/Info.plist;
				IPHONEOS_DEPLOYMENT_TARGET = 7.0;
				LD_RUNPATH_SEARCH_PATHS = "$(inherited) @executable_path/Frameworks";
				LIBRARY_SEARCH_PATHS = (
					"$(inherited)",
					"$(PROJECT_DIR)/BaseProject/Vendor/UMAnalytics_Sdk_3.6.4",
					"$(PROJECT_DIR)/BaseProject/Vendor/umeng_ios_social_sdk_4.2-2.5_arm64_custom/UMSocial_Sdk_4.2.5",
					"$(PROJECT_DIR)/BaseProject/Vendor/umeng_ios_social_sdk_4.2-2.5_arm64_custom/UMSocial_Sdk_Extra_Frameworks/TencentOpenAPI",
					"$(PROJECT_DIR)/BaseProject/Vendor/umeng_ios_social_sdk_4.2-2.5_arm64_custom/UMSocial_Sdk_Extra_Frameworks/Wechat",
				);
				PRODUCT_BUNDLE_IDENTIFIER = com.wj.BaseProject;
				PRODUCT_NAME = "$(TARGET_NAME)";
			};
			name = Debug;
		};
		3886C0AC1BD748830014E661 /* Release */ = {
			isa = XCBuildConfiguration;
			baseConfigurationReference = DD4F0750B5DAAA87BA236B31 /* Pods-BaseProject.release.xcconfig */;
			buildSettings = {
				ASSETCATALOG_COMPILER_APPICON_NAME = AppIcon;
				ASSETCATALOG_COMPILER_LAUNCHIMAGE_NAME = "Brand Assets";
				CODE_SIGN_IDENTITY = "iPhone Developer";
				ENABLE_BITCODE = NO;
				FRAMEWORK_SEARCH_PATHS = (
					"$(inherited)",
					"$(PROJECT_DIR)/BaseProject/Vendor/umeng_ios_social_sdk_4.2-2.5_arm64_custom/UMSocial_Sdk_Extra_Frameworks/TencentOpenAPI",
				);
				GCC_PREFIX_HEADER = BaseProject/Resource/PrefixHeader.pch;
				INFOPLIST_FILE = BaseProject/Info.plist;
				IPHONEOS_DEPLOYMENT_TARGET = 7.0;
				LD_RUNPATH_SEARCH_PATHS = "$(inherited) @executable_path/Frameworks";
				LIBRARY_SEARCH_PATHS = (
					"$(inherited)",
					"$(PROJECT_DIR)/BaseProject/Vendor/UMAnalytics_Sdk_3.6.4",
					"$(PROJECT_DIR)/BaseProject/Vendor/umeng_ios_social_sdk_4.2-2.5_arm64_custom/UMSocial_Sdk_4.2.5",
					"$(PROJECT_DIR)/BaseProject/Vendor/umeng_ios_social_sdk_4.2-2.5_arm64_custom/UMSocial_Sdk_Extra_Frameworks/TencentOpenAPI",
					"$(PROJECT_DIR)/BaseProject/Vendor/umeng_ios_social_sdk_4.2-2.5_arm64_custom/UMSocial_Sdk_Extra_Frameworks/Wechat",
				);
				PRODUCT_BUNDLE_IDENTIFIER = com.wj.BaseProject;
				PRODUCT_NAME = "$(TARGET_NAME)";
			};
			name = Release;
		};
/* End XCBuildConfiguration section */

/* Begin XCConfigurationList section */
		3886C08E1BD748830014E661 /* Build configuration list for PBXProject "BaseProject" */ = {
			isa = XCConfigurationList;
			buildConfigurations = (
				3886C0A81BD748830014E661 /* Debug */,
				3886C0A91BD748830014E661 /* Release */,
			);
			defaultConfigurationIsVisible = 0;
			defaultConfigurationName = Release;
		};
		3886C0AA1BD748830014E661 /* Build configuration list for PBXNativeTarget "BaseProject" */ = {
			isa = XCConfigurationList;
			buildConfigurations = (
				3886C0AB1BD748830014E661 /* Debug */,
				3886C0AC1BD748830014E661 /* Release */,
			);
			defaultConfigurationIsVisible = 0;
			defaultConfigurationName = Release;
		};
/* End XCConfigurationList section */
	};
	rootObject = 3886C08B1BD748830014E661 /* Project object */;
}
